// !$*UTF8*$!
{
	archiveVersion = 1;
	classes = {
	};
	objectVersion = 51;
	objects = {

/* Begin PBXBuildFile section */
		2849F7F757D710E4BBD06107 /* MainPageAssembly.swift in Sources */ = {isa = PBXBuildFile; fileRef = A09D84F77CF8F8FC092A00F4 /* MainPageAssembly.swift */; };
		3210847354A8AF1EE251DA33 /* MainPageModuleInput.swift in Sources */ = {isa = PBXBuildFile; fileRef = 450485CEC6059CC8A4802BFD /* MainPageModuleInput.swift */; };
		36FF6DEC8010A8FCCE4748A5 /* MainPageViewModel.swift in Sources */ = {isa = PBXBuildFile; fileRef = 4128FCD55CF6A80EA25E96C5 /* MainPageViewModel.swift */; };
		4FECF41826088B7A0081F034 /* AppDelegate.swift in Sources */ = {isa = PBXBuildFile; fileRef = 4FECF41726088B7A0081F034 /* AppDelegate.swift */; };
		4FECF41A26088B7A0081F034 /* SceneDelegate.swift in Sources */ = {isa = PBXBuildFile; fileRef = 4FECF41926088B7A0081F034 /* SceneDelegate.swift */; };
		4FECF42126088B7D0081F034 /* Assets.xcassets in Resources */ = {isa = PBXBuildFile; fileRef = 4FECF42026088B7D0081F034 /* Assets.xcassets */; };
		4FECF42426088B7D0081F034 /* LaunchScreen.storyboard in Resources */ = {isa = PBXBuildFile; fileRef = 4FECF42226088B7D0081F034 /* LaunchScreen.storyboard */; };
		4FECF42F26088B7D0081F034 /* SkyEngTranslateTests.swift in Sources */ = {isa = PBXBuildFile; fileRef = 4FECF42E26088B7D0081F034 /* SkyEngTranslateTests.swift */; };
		4FECF43A26088B7D0081F034 /* SkyEngTranslateUITests.swift in Sources */ = {isa = PBXBuildFile; fileRef = 4FECF43926088B7D0081F034 /* SkyEngTranslateUITests.swift */; };
		4FECF46F26089C410081F034 /* RootUIControllerType.swift in Sources */ = {isa = PBXBuildFile; fileRef = 4FECF46E26089C410081F034 /* RootUIControllerType.swift */; };
		4FECF47626089D430081F034 /* SetupCoordinating.swift in Sources */ = {isa = PBXBuildFile; fileRef = 4FECF47526089D430081F034 /* SetupCoordinating.swift */; };
		4FECF47E26089D6B0081F034 /* SetupCoordinator.swift in Sources */ = {isa = PBXBuildFile; fileRef = 4FECF47D26089D6B0081F034 /* SetupCoordinator.swift */; };
		4FECF48426089DD70081F034 /* BaseModuleAssembly.swift in Sources */ = {isa = PBXBuildFile; fileRef = 4FECF48326089DD70081F034 /* BaseModuleAssembly.swift */; };
		4FECF49226089E490081F034 /* Inject.swift in Sources */ = {isa = PBXBuildFile; fileRef = 4FECF49126089E490081F034 /* Inject.swift */; };
		4FECF49826089FDB0081F034 /* ContainerExtension.swift in Sources */ = {isa = PBXBuildFile; fileRef = 4FECF49726089FDB0081F034 /* ContainerExtension.swift */; };
		4FECF4A12608A01E0081F034 /* BaseViewController.swift in Sources */ = {isa = PBXBuildFile; fileRef = 4FECF4A02608A01E0081F034 /* BaseViewController.swift */; };
		4FECF4AC2608A4520081F034 /* TextFieldView.swift in Sources */ = {isa = PBXBuildFile; fileRef = 4FECF4AB2608A4520081F034 /* TextFieldView.swift */; };
		4FECF4B12608A5010081F034 /* LayoutGuidance.swift in Sources */ = {isa = PBXBuildFile; fileRef = 4FECF4B02608A5010081F034 /* LayoutGuidance.swift */; };
		4FECF4B82608A5AB0081F034 /* LabelFactory.swift in Sources */ = {isa = PBXBuildFile; fileRef = 4FECF4B72608A5AB0081F034 /* LabelFactory.swift */; };
		4FECF4C02608A5E50081F034 /* TextStyle.swift in Sources */ = {isa = PBXBuildFile; fileRef = 4FECF4BF2608A5E50081F034 /* TextStyle.swift */; };
		4FECF4C92608A86A0081F034 /* EditingAction.swift in Sources */ = {isa = PBXBuildFile; fileRef = 4FECF4C82608A86A0081F034 /* EditingAction.swift */; };
		4FECF4D12608A8CC0081F034 /* MaskedTextfield.swift in Sources */ = {isa = PBXBuildFile; fileRef = 4FECF4D02608A8CC0081F034 /* MaskedTextfield.swift */; };
		4FECF4D72608A9F60081F034 /* UIFontExtension.swift in Sources */ = {isa = PBXBuildFile; fileRef = 4FECF4D62608A9F60081F034 /* UIFontExtension.swift */; };
		4FECF4DF2608AA750081F034 /* UILabelExtension.swift in Sources */ = {isa = PBXBuildFile; fileRef = 4FECF4DE2608AA750081F034 /* UILabelExtension.swift */; };
		4FECF4E42608AADC0081F034 /* Color.swift in Sources */ = {isa = PBXBuildFile; fileRef = 4FECF4E32608AADC0081F034 /* Color.swift */; };
		4FECF4E92608AB0B0081F034 /* TextFieldViewOutput.swift in Sources */ = {isa = PBXBuildFile; fileRef = 4FECF4E82608AB0B0081F034 /* TextFieldViewOutput.swift */; };
		5BDFE7623D92390A42E3F050 /* MainPageViewController.swift in Sources */ = {isa = PBXBuildFile; fileRef = 7C1A566466F24AB44C9B86DE /* MainPageViewController.swift */; };
		6E084EB6F71C17D3C8219AEE /* MainPageModuleOutput.swift in Sources */ = {isa = PBXBuildFile; fileRef = 1F0F677F6C52B2E512D06B44 /* MainPageModuleOutput.swift */; };
		732EE00EBBACE27AD2EDEB10 /* MainPageViewProtocols.swift in Sources */ = {isa = PBXBuildFile; fileRef = 3FDBC7E3F18A7E271212E071 /* MainPageViewProtocols.swift */; };
		7B570EE3EDF0E9A78D53D0C0 /* Pods_SkyEngTranslate.framework in Frameworks */ = {isa = PBXBuildFile; fileRef = 7F2121FFB13936345A81A481 /* Pods_SkyEngTranslate.framework */; };
		AA1DC34F87179172C0153DB6 /* MainPageRouterInput.swift in Sources */ = {isa = PBXBuildFile; fileRef = EE2E6941005E141309D17F8E /* MainPageRouterInput.swift */; };
		D8C6B59E5D14754B1EC331E0 /* MainPageRouter.swift in Sources */ = {isa = PBXBuildFile; fileRef = 106D56D59D4767D115413DE5 /* MainPageRouter.swift */; };
		F2DA8EC0D2E4BC95F58C70D0 /* MainPageViewAdapter.swift in Sources */ = {isa = PBXBuildFile; fileRef = 38DB428C9D3E23694776F6CE /* MainPageViewAdapter.swift */; };
/* End PBXBuildFile section */

/* Begin PBXContainerItemProxy section */
		4FECF42B26088B7D0081F034 /* PBXContainerItemProxy */ = {
			isa = PBXContainerItemProxy;
			containerPortal = 4FECF40C26088B7A0081F034 /* Project object */;
			proxyType = 1;
			remoteGlobalIDString = 4FECF41326088B7A0081F034;
			remoteInfo = SkyEngTranslate;
		};
		4FECF43626088B7D0081F034 /* PBXContainerItemProxy */ = {
			isa = PBXContainerItemProxy;
			containerPortal = 4FECF40C26088B7A0081F034 /* Project object */;
			proxyType = 1;
			remoteGlobalIDString = 4FECF41326088B7A0081F034;
			remoteInfo = SkyEngTranslate;
		};
/* End PBXContainerItemProxy section */

/* Begin PBXFileReference section */
		106D56D59D4767D115413DE5 /* MainPageRouter.swift */ = {isa = PBXFileReference; includeInIndex = 1; lastKnownFileType = sourcecode.swift; path = MainPageRouter.swift; sourceTree = "<group>"; };
		1F0F677F6C52B2E512D06B44 /* MainPageModuleOutput.swift */ = {isa = PBXFileReference; includeInIndex = 1; lastKnownFileType = sourcecode.swift; path = MainPageModuleOutput.swift; sourceTree = "<group>"; };
		38DB428C9D3E23694776F6CE /* MainPageViewAdapter.swift */ = {isa = PBXFileReference; includeInIndex = 1; lastKnownFileType = sourcecode.swift; path = MainPageViewAdapter.swift; sourceTree = "<group>"; };
		3FDBC7E3F18A7E271212E071 /* MainPageViewProtocols.swift */ = {isa = PBXFileReference; includeInIndex = 1; lastKnownFileType = sourcecode.swift; path = MainPageViewProtocols.swift; sourceTree = "<group>"; };
		4128FCD55CF6A80EA25E96C5 /* MainPageViewModel.swift */ = {isa = PBXFileReference; includeInIndex = 1; lastKnownFileType = sourcecode.swift; path = MainPageViewModel.swift; sourceTree = "<group>"; };
		450485CEC6059CC8A4802BFD /* MainPageModuleInput.swift */ = {isa = PBXFileReference; includeInIndex = 1; lastKnownFileType = sourcecode.swift; path = MainPageModuleInput.swift; sourceTree = "<group>"; };
		4FECF41426088B7A0081F034 /* SkyEngTranslate.app */ = {isa = PBXFileReference; explicitFileType = wrapper.application; includeInIndex = 0; path = SkyEngTranslate.app; sourceTree = BUILT_PRODUCTS_DIR; };
		4FECF41726088B7A0081F034 /* AppDelegate.swift */ = {isa = PBXFileReference; lastKnownFileType = sourcecode.swift; path = AppDelegate.swift; sourceTree = "<group>"; };
		4FECF41926088B7A0081F034 /* SceneDelegate.swift */ = {isa = PBXFileReference; lastKnownFileType = sourcecode.swift; path = SceneDelegate.swift; sourceTree = "<group>"; };
		4FECF42026088B7D0081F034 /* Assets.xcassets */ = {isa = PBXFileReference; lastKnownFileType = folder.assetcatalog; path = Assets.xcassets; sourceTree = "<group>"; };
		4FECF42326088B7D0081F034 /* Base */ = {isa = PBXFileReference; lastKnownFileType = file.storyboard; name = Base; path = Base.lproj/LaunchScreen.storyboard; sourceTree = "<group>"; };
		4FECF42526088B7D0081F034 /* Info.plist */ = {isa = PBXFileReference; lastKnownFileType = text.plist.xml; path = Info.plist; sourceTree = "<group>"; };
		4FECF42A26088B7D0081F034 /* SkyEngTranslateTests.xctest */ = {isa = PBXFileReference; explicitFileType = wrapper.cfbundle; includeInIndex = 0; path = SkyEngTranslateTests.xctest; sourceTree = BUILT_PRODUCTS_DIR; };
		4FECF42E26088B7D0081F034 /* SkyEngTranslateTests.swift */ = {isa = PBXFileReference; lastKnownFileType = sourcecode.swift; path = SkyEngTranslateTests.swift; sourceTree = "<group>"; };
		4FECF43026088B7D0081F034 /* Info.plist */ = {isa = PBXFileReference; lastKnownFileType = text.plist.xml; path = Info.plist; sourceTree = "<group>"; };
		4FECF43526088B7D0081F034 /* SkyEngTranslateUITests.xctest */ = {isa = PBXFileReference; explicitFileType = wrapper.cfbundle; includeInIndex = 0; path = SkyEngTranslateUITests.xctest; sourceTree = BUILT_PRODUCTS_DIR; };
		4FECF43926088B7D0081F034 /* SkyEngTranslateUITests.swift */ = {isa = PBXFileReference; lastKnownFileType = sourcecode.swift; path = SkyEngTranslateUITests.swift; sourceTree = "<group>"; };
		4FECF43B26088B7D0081F034 /* Info.plist */ = {isa = PBXFileReference; lastKnownFileType = text.plist.xml; path = Info.plist; sourceTree = "<group>"; };
		4FECF46E26089C410081F034 /* RootUIControllerType.swift */ = {isa = PBXFileReference; lastKnownFileType = sourcecode.swift; path = RootUIControllerType.swift; sourceTree = "<group>"; };
		4FECF47526089D430081F034 /* SetupCoordinating.swift */ = {isa = PBXFileReference; lastKnownFileType = sourcecode.swift; path = SetupCoordinating.swift; sourceTree = "<group>"; };
		4FECF47D26089D6B0081F034 /* SetupCoordinator.swift */ = {isa = PBXFileReference; lastKnownFileType = sourcecode.swift; path = SetupCoordinator.swift; sourceTree = "<group>"; };
		4FECF48326089DD70081F034 /* BaseModuleAssembly.swift */ = {isa = PBXFileReference; lastKnownFileType = sourcecode.swift; path = BaseModuleAssembly.swift; sourceTree = "<group>"; };
		4FECF49126089E490081F034 /* Inject.swift */ = {isa = PBXFileReference; lastKnownFileType = sourcecode.swift; path = Inject.swift; sourceTree = "<group>"; };
		4FECF49726089FDB0081F034 /* ContainerExtension.swift */ = {isa = PBXFileReference; lastKnownFileType = sourcecode.swift; path = ContainerExtension.swift; sourceTree = "<group>"; };
		4FECF4A02608A01E0081F034 /* BaseViewController.swift */ = {isa = PBXFileReference; lastKnownFileType = sourcecode.swift; path = BaseViewController.swift; sourceTree = "<group>"; };
		4FECF4AB2608A4520081F034 /* TextFieldView.swift */ = {isa = PBXFileReference; lastKnownFileType = sourcecode.swift; path = TextFieldView.swift; sourceTree = "<group>"; };
		4FECF4B02608A5010081F034 /* LayoutGuidance.swift */ = {isa = PBXFileReference; lastKnownFileType = sourcecode.swift; path = LayoutGuidance.swift; sourceTree = "<group>"; };
		4FECF4B72608A5AB0081F034 /* LabelFactory.swift */ = {isa = PBXFileReference; lastKnownFileType = sourcecode.swift; path = LabelFactory.swift; sourceTree = "<group>"; };
		4FECF4BF2608A5E50081F034 /* TextStyle.swift */ = {isa = PBXFileReference; lastKnownFileType = sourcecode.swift; path = TextStyle.swift; sourceTree = "<group>"; };
		4FECF4C82608A86A0081F034 /* EditingAction.swift */ = {isa = PBXFileReference; lastKnownFileType = sourcecode.swift; path = EditingAction.swift; sourceTree = "<group>"; };
		4FECF4D02608A8CC0081F034 /* MaskedTextfield.swift */ = {isa = PBXFileReference; lastKnownFileType = sourcecode.swift; path = MaskedTextfield.swift; sourceTree = "<group>"; };
		4FECF4D62608A9F60081F034 /* UIFontExtension.swift */ = {isa = PBXFileReference; lastKnownFileType = sourcecode.swift; path = UIFontExtension.swift; sourceTree = "<group>"; };
		4FECF4DE2608AA750081F034 /* UILabelExtension.swift */ = {isa = PBXFileReference; lastKnownFileType = sourcecode.swift; path = UILabelExtension.swift; sourceTree = "<group>"; };
		4FECF4E32608AADC0081F034 /* Color.swift */ = {isa = PBXFileReference; lastKnownFileType = sourcecode.swift; path = Color.swift; sourceTree = "<group>"; };
		4FECF4E82608AB0B0081F034 /* TextFieldViewOutput.swift */ = {isa = PBXFileReference; lastKnownFileType = sourcecode.swift; path = TextFieldViewOutput.swift; sourceTree = "<group>"; };
		7C1A566466F24AB44C9B86DE /* MainPageViewController.swift */ = {isa = PBXFileReference; includeInIndex = 1; lastKnownFileType = sourcecode.swift; path = MainPageViewController.swift; sourceTree = "<group>"; };
		7F2121FFB13936345A81A481 /* Pods_SkyEngTranslate.framework */ = {isa = PBXFileReference; explicitFileType = wrapper.framework; includeInIndex = 0; path = Pods_SkyEngTranslate.framework; sourceTree = BUILT_PRODUCTS_DIR; };
		8129DC0DE0B7A56906BD202B /* Pods-SkyEngTranslate.release.xcconfig */ = {isa = PBXFileReference; includeInIndex = 1; lastKnownFileType = text.xcconfig; name = "Pods-SkyEngTranslate.release.xcconfig"; path = "Target Support Files/Pods-SkyEngTranslate/Pods-SkyEngTranslate.release.xcconfig"; sourceTree = "<group>"; };
		A09D84F77CF8F8FC092A00F4 /* MainPageAssembly.swift */ = {isa = PBXFileReference; includeInIndex = 1; lastKnownFileType = sourcecode.swift; path = MainPageAssembly.swift; sourceTree = "<group>"; };
		EE2E6941005E141309D17F8E /* MainPageRouterInput.swift */ = {isa = PBXFileReference; includeInIndex = 1; lastKnownFileType = sourcecode.swift; path = MainPageRouterInput.swift; sourceTree = "<group>"; };
		F7E805A282F53CE24314643D /* Pods-SkyEngTranslate.debug.xcconfig */ = {isa = PBXFileReference; includeInIndex = 1; lastKnownFileType = text.xcconfig; name = "Pods-SkyEngTranslate.debug.xcconfig"; path = "Target Support Files/Pods-SkyEngTranslate/Pods-SkyEngTranslate.debug.xcconfig"; sourceTree = "<group>"; };
/* End PBXFileReference section */

/* Begin PBXFrameworksBuildPhase section */
		4FECF41126088B7A0081F034 /* Frameworks */ = {
			isa = PBXFrameworksBuildPhase;
			buildActionMask = 2147483647;
			files = (
				7B570EE3EDF0E9A78D53D0C0 /* Pods_SkyEngTranslate.framework in Frameworks */,
			);
			runOnlyForDeploymentPostprocessing = 0;
		};
		4FECF42726088B7D0081F034 /* Frameworks */ = {
			isa = PBXFrameworksBuildPhase;
			buildActionMask = 2147483647;
			files = (
			);
			runOnlyForDeploymentPostprocessing = 0;
		};
		4FECF43226088B7D0081F034 /* Frameworks */ = {
			isa = PBXFrameworksBuildPhase;
			buildActionMask = 2147483647;
			files = (
			);
			runOnlyForDeploymentPostprocessing = 0;
		};
/* End PBXFrameworksBuildPhase section */

/* Begin PBXGroup section */
		15DFB73BA7CE64C685595AAA /* MainPage */ = {
			isa = PBXGroup;
			children = (
				1EBA0AD9E98052A6302AF440 /* View */,
				88E902C13843E1149A8E38C8 /* ViewModel */,
				BF87C27F6E3449EA0315E57E /* Router */,
				4B4363BAB34987AAEC461D48 /* Assembly */,
			);
			path = MainPage;
			sourceTree = "<group>";
		};
		16322265BE61238053A213C3 /* Pods */ = {
			isa = PBXGroup;
			children = (
				F7E805A282F53CE24314643D /* Pods-SkyEngTranslate.debug.xcconfig */,
				8129DC0DE0B7A56906BD202B /* Pods-SkyEngTranslate.release.xcconfig */,
			);
			path = Pods;
			sourceTree = "<group>";
		};
		1EBA0AD9E98052A6302AF440 /* View */ = {
			isa = PBXGroup;
			children = (
				3FDBC7E3F18A7E271212E071 /* MainPageViewProtocols.swift */,
				7C1A566466F24AB44C9B86DE /* MainPageViewController.swift */,
				38DB428C9D3E23694776F6CE /* MainPageViewAdapter.swift */,
			);
			path = View;
			sourceTree = "<group>";
		};
		4B4363BAB34987AAEC461D48 /* Assembly */ = {
			isa = PBXGroup;
			children = (
				A09D84F77CF8F8FC092A00F4 /* MainPageAssembly.swift */,
			);
			path = Assembly;
			sourceTree = "<group>";
		};
		4FECF40B26088B7A0081F034 = {
			isa = PBXGroup;
			children = (
				4FECF41626088B7A0081F034 /* SkyEngTranslate */,
				4FECF42D26088B7D0081F034 /* SkyEngTranslateTests */,
				4FECF43826088B7D0081F034 /* SkyEngTranslateUITests */,
				4FECF41526088B7A0081F034 /* Products */,
				16322265BE61238053A213C3 /* Pods */,
				82D9047C26F8BBACCED9CBD5 /* Frameworks */,
			);
			sourceTree = "<group>";
		};
		4FECF41526088B7A0081F034 /* Products */ = {
			isa = PBXGroup;
			children = (
				4FECF41426088B7A0081F034 /* SkyEngTranslate.app */,
				4FECF42A26088B7D0081F034 /* SkyEngTranslateTests.xctest */,
				4FECF43526088B7D0081F034 /* SkyEngTranslateUITests.xctest */,
			);
			name = Products;
			sourceTree = "<group>";
		};
		4FECF41626088B7A0081F034 /* SkyEngTranslate */ = {
			isa = PBXGroup;
			children = (
				4FECF47326089D080081F034 /* Source */,
				4FECF467260897FB0081F034 /* Modules */,
				4FECF41726088B7A0081F034 /* AppDelegate.swift */,
				4FECF41926088B7A0081F034 /* SceneDelegate.swift */,
				4FECF46E26089C410081F034 /* RootUIControllerType.swift */,
				4FECF42026088B7D0081F034 /* Assets.xcassets */,
				4FECF42226088B7D0081F034 /* LaunchScreen.storyboard */,
				4FECF42526088B7D0081F034 /* Info.plist */,
			);
			path = SkyEngTranslate;
			sourceTree = "<group>";
		};
		4FECF42D26088B7D0081F034 /* SkyEngTranslateTests */ = {
			isa = PBXGroup;
			children = (
				4FECF42E26088B7D0081F034 /* SkyEngTranslateTests.swift */,
				4FECF43026088B7D0081F034 /* Info.plist */,
			);
			path = SkyEngTranslateTests;
			sourceTree = "<group>";
		};
		4FECF43826088B7D0081F034 /* SkyEngTranslateUITests */ = {
			isa = PBXGroup;
			children = (
				4FECF43926088B7D0081F034 /* SkyEngTranslateUITests.swift */,
				4FECF43B26088B7D0081F034 /* Info.plist */,
			);
			path = SkyEngTranslateUITests;
			sourceTree = "<group>";
		};
		4FECF467260897FB0081F034 /* Modules */ = {
			isa = PBXGroup;
			children = (
				15DFB73BA7CE64C685595AAA /* MainPage */,
			);
			path = Modules;
			sourceTree = "<group>";
		};
		4FECF47326089D080081F034 /* Source */ = {
			isa = PBXGroup;
			children = (
				4FECF49F2608A00F0081F034 /* UIKit */,
				4FECF49626089FCB0081F034 /* Extensions */,
				4FECF48226089DCA0081F034 /* BaseObjects */,
				4FECF47426089D0E0081F034 /* Coordinators */,
			);
			path = Source;
			sourceTree = "<group>";
		};
		4FECF47426089D0E0081F034 /* Coordinators */ = {
			isa = PBXGroup;
			children = (
				4FECF47526089D430081F034 /* SetupCoordinating.swift */,
				4FECF47D26089D6B0081F034 /* SetupCoordinator.swift */,
			);
			path = Coordinators;
			sourceTree = "<group>";
		};
		4FECF48226089DCA0081F034 /* BaseObjects */ = {
			isa = PBXGroup;
			children = (
				4FECF48326089DD70081F034 /* BaseModuleAssembly.swift */,
				4FECF49126089E490081F034 /* Inject.swift */,
			);
			path = BaseObjects;
			sourceTree = "<group>";
		};
		4FECF49626089FCB0081F034 /* Extensions */ = {
			isa = PBXGroup;
			children = (
				4FECF49726089FDB0081F034 /* ContainerExtension.swift */,
			);
			path = Extensions;
			sourceTree = "<group>";
		};
		4FECF49F2608A00F0081F034 /* UIKit */ = {
			isa = PBXGroup;
			children = (
				4FECF4D52608A9EC0081F034 /* Extensions */,
				4FECF4C72608A8650081F034 /* Common */,
				4FECF4B62608A5A60081F034 /* Labels */,
				4FECF4B52608A59F0081F034 /* TextFields */,
				4FECF4A02608A01E0081F034 /* BaseViewController.swift */,
				4FECF4B02608A5010081F034 /* LayoutGuidance.swift */,
				4FECF4BF2608A5E50081F034 /* TextStyle.swift */,
				4FECF4E32608AADC0081F034 /* Color.swift */,
			);
			path = UIKit;
			sourceTree = "<group>";
		};
		4FECF4B52608A59F0081F034 /* TextFields */ = {
			isa = PBXGroup;
			children = (
				4FECF4AB2608A4520081F034 /* TextFieldView.swift */,
				4FECF4D02608A8CC0081F034 /* MaskedTextfield.swift */,
				4FECF4E82608AB0B0081F034 /* TextFieldViewOutput.swift */,
			);
			path = TextFields;
			sourceTree = "<group>";
		};
		4FECF4B62608A5A60081F034 /* Labels */ = {
			isa = PBXGroup;
			children = (
				4FECF4B72608A5AB0081F034 /* LabelFactory.swift */,
			);
			path = Labels;
			sourceTree = "<group>";
		};
		4FECF4C72608A8650081F034 /* Common */ = {
			isa = PBXGroup;
			children = (
				4FECF4C82608A86A0081F034 /* EditingAction.swift */,
			);
			path = Common;
			sourceTree = "<group>";
		};
		4FECF4D52608A9EC0081F034 /* Extensions */ = {
			isa = PBXGroup;
			children = (
				4FECF4D62608A9F60081F034 /* UIFontExtension.swift */,
				4FECF4DE2608AA750081F034 /* UILabelExtension.swift */,
			);
			path = Extensions;
			sourceTree = "<group>";
		};
		82D9047C26F8BBACCED9CBD5 /* Frameworks */ = {
			isa = PBXGroup;
			children = (
				7F2121FFB13936345A81A481 /* Pods_SkyEngTranslate.framework */,
			);
			name = Frameworks;
			sourceTree = "<group>";
		};
		88E902C13843E1149A8E38C8 /* ViewModel */ = {
			isa = PBXGroup;
			children = (
				450485CEC6059CC8A4802BFD /* MainPageModuleInput.swift */,
				1F0F677F6C52B2E512D06B44 /* MainPageModuleOutput.swift */,
				4128FCD55CF6A80EA25E96C5 /* MainPageViewModel.swift */,
			);
			path = ViewModel;
			sourceTree = "<group>";
		};
		BF87C27F6E3449EA0315E57E /* Router */ = {
			isa = PBXGroup;
			children = (
				EE2E6941005E141309D17F8E /* MainPageRouterInput.swift */,
				106D56D59D4767D115413DE5 /* MainPageRouter.swift */,
			);
			path = Router;
			sourceTree = "<group>";
		};
/* End PBXGroup section */

/* Begin PBXNativeTarget section */
		4FECF41326088B7A0081F034 /* SkyEngTranslate */ = {
			isa = PBXNativeTarget;
			buildConfigurationList = 4FECF43E26088B7D0081F034 /* Build configuration list for PBXNativeTarget "SkyEngTranslate" */;
			buildPhases = (
				5521319E954B9D76382AFECF /* [CP] Check Pods Manifest.lock */,
				4FECF41026088B7A0081F034 /* Sources */,
				4FECF41126088B7A0081F034 /* Frameworks */,
				4FECF41226088B7A0081F034 /* Resources */,
				2EF28CA65367F4CD7C9D47F7 /* [CP] Embed Pods Frameworks */,
			);
			buildRules = (
			);
			dependencies = (
			);
			name = SkyEngTranslate;
			productName = SkyEngTranslate;
			productReference = 4FECF41426088B7A0081F034 /* SkyEngTranslate.app */;
			productType = "com.apple.product-type.application";
		};
		4FECF42926088B7D0081F034 /* SkyEngTranslateTests */ = {
			isa = PBXNativeTarget;
			buildConfigurationList = 4FECF44126088B7D0081F034 /* Build configuration list for PBXNativeTarget "SkyEngTranslateTests" */;
			buildPhases = (
				4FECF42626088B7D0081F034 /* Sources */,
				4FECF42726088B7D0081F034 /* Frameworks */,
				4FECF42826088B7D0081F034 /* Resources */,
			);
			buildRules = (
			);
			dependencies = (
				4FECF42C26088B7D0081F034 /* PBXTargetDependency */,
			);
			name = SkyEngTranslateTests;
			productName = SkyEngTranslateTests;
			productReference = 4FECF42A26088B7D0081F034 /* SkyEngTranslateTests.xctest */;
			productType = "com.apple.product-type.bundle.unit-test";
		};
		4FECF43426088B7D0081F034 /* SkyEngTranslateUITests */ = {
			isa = PBXNativeTarget;
			buildConfigurationList = 4FECF44426088B7D0081F034 /* Build configuration list for PBXNativeTarget "SkyEngTranslateUITests" */;
			buildPhases = (
				4FECF43126088B7D0081F034 /* Sources */,
				4FECF43226088B7D0081F034 /* Frameworks */,
				4FECF43326088B7D0081F034 /* Resources */,
			);
			buildRules = (
			);
			dependencies = (
				4FECF43726088B7D0081F034 /* PBXTargetDependency */,
			);
			name = SkyEngTranslateUITests;
			productName = SkyEngTranslateUITests;
			productReference = 4FECF43526088B7D0081F034 /* SkyEngTranslateUITests.xctest */;
			productType = "com.apple.product-type.bundle.ui-testing";
		};
/* End PBXNativeTarget section */

/* Begin PBXProject section */
		4FECF40C26088B7A0081F034 /* Project object */ = {
			isa = PBXProject;
			attributes = {
				LastSwiftUpdateCheck = 1240;
				LastUpgradeCheck = 1240;
				TargetAttributes = {
					4FECF41326088B7A0081F034 = {
						CreatedOnToolsVersion = 12.4;
					};
					4FECF42926088B7D0081F034 = {
						CreatedOnToolsVersion = 12.4;
						TestTargetID = 4FECF41326088B7A0081F034;
					};
					4FECF43426088B7D0081F034 = {
						CreatedOnToolsVersion = 12.4;
						TestTargetID = 4FECF41326088B7A0081F034;
					};
				};
			};
			buildConfigurationList = 4FECF40F26088B7A0081F034 /* Build configuration list for PBXProject "SkyEngTranslate" */;
			compatibilityVersion = "Xcode 9.3";
			developmentRegion = en;
			hasScannedForEncodings = 0;
			knownRegions = (
				en,
				Base,
			);
			mainGroup = 4FECF40B26088B7A0081F034;
			productRefGroup = 4FECF41526088B7A0081F034 /* Products */;
			projectDirPath = "";
			projectRoot = "";
			targets = (
				4FECF41326088B7A0081F034 /* SkyEngTranslate */,
				4FECF42926088B7D0081F034 /* SkyEngTranslateTests */,
				4FECF43426088B7D0081F034 /* SkyEngTranslateUITests */,
			);
		};
/* End PBXProject section */

/* Begin PBXResourcesBuildPhase section */
		4FECF41226088B7A0081F034 /* Resources */ = {
			isa = PBXResourcesBuildPhase;
			buildActionMask = 2147483647;
			files = (
				4FECF42426088B7D0081F034 /* LaunchScreen.storyboard in Resources */,
				4FECF42126088B7D0081F034 /* Assets.xcassets in Resources */,
			);
			runOnlyForDeploymentPostprocessing = 0;
		};
		4FECF42826088B7D0081F034 /* Resources */ = {
			isa = PBXResourcesBuildPhase;
			buildActionMask = 2147483647;
			files = (
			);
			runOnlyForDeploymentPostprocessing = 0;
		};
		4FECF43326088B7D0081F034 /* Resources */ = {
			isa = PBXResourcesBuildPhase;
			buildActionMask = 2147483647;
			files = (
			);
			runOnlyForDeploymentPostprocessing = 0;
		};
/* End PBXResourcesBuildPhase section */

/* Begin PBXShellScriptBuildPhase section */
		2EF28CA65367F4CD7C9D47F7 /* [CP] Embed Pods Frameworks */ = {
			isa = PBXShellScriptBuildPhase;
			buildActionMask = 2147483647;
			files = (
			);
			inputFileListPaths = (
				"${PODS_ROOT}/Target Support Files/Pods-SkyEngTranslate/Pods-SkyEngTranslate-frameworks-${CONFIGURATION}-input-files.xcfilelist",
			);
			name = "[CP] Embed Pods Frameworks";
			outputFileListPaths = (
				"${PODS_ROOT}/Target Support Files/Pods-SkyEngTranslate/Pods-SkyEngTranslate-frameworks-${CONFIGURATION}-output-files.xcfilelist",
			);
			runOnlyForDeploymentPostprocessing = 0;
			shellPath = /bin/sh;
			shellScript = "\"${PODS_ROOT}/Target Support Files/Pods-SkyEngTranslate/Pods-SkyEngTranslate-frameworks.sh\"\n";
			showEnvVarsInLog = 0;
		};
		5521319E954B9D76382AFECF /* [CP] Check Pods Manifest.lock */ = {
			isa = PBXShellScriptBuildPhase;
			buildActionMask = 2147483647;
			files = (
			);
			inputFileListPaths = (
			);
			inputPaths = (
				"${PODS_PODFILE_DIR_PATH}/Podfile.lock",
				"${PODS_ROOT}/Manifest.lock",
			);
			name = "[CP] Check Pods Manifest.lock";
			outputFileListPaths = (
			);
			outputPaths = (
				"$(DERIVED_FILE_DIR)/Pods-SkyEngTranslate-checkManifestLockResult.txt",
			);
			runOnlyForDeploymentPostprocessing = 0;
			shellPath = /bin/sh;
			shellScript = "diff \"${PODS_PODFILE_DIR_PATH}/Podfile.lock\" \"${PODS_ROOT}/Manifest.lock\" > /dev/null\nif [ $? != 0 ] ; then\n    # print error to STDERR\n    echo \"error: The sandbox is not in sync with the Podfile.lock. Run 'pod install' or update your CocoaPods installation.\" >&2\n    exit 1\nfi\n# This output is used by Xcode 'outputs' to avoid re-running this script phase.\necho \"SUCCESS\" > \"${SCRIPT_OUTPUT_FILE_0}\"\n";
			showEnvVarsInLog = 0;
		};
/* End PBXShellScriptBuildPhase section */

/* Begin PBXSourcesBuildPhase section */
		4FECF41026088B7A0081F034 /* Sources */ = {
			isa = PBXSourcesBuildPhase;
			buildActionMask = 2147483647;
			files = (
				4FECF47626089D430081F034 /* SetupCoordinating.swift in Sources */,
				4FECF4AC2608A4520081F034 /* TextFieldView.swift in Sources */,
				4FECF41826088B7A0081F034 /* AppDelegate.swift in Sources */,
				4FECF4B82608A5AB0081F034 /* LabelFactory.swift in Sources */,
				4FECF41A26088B7A0081F034 /* SceneDelegate.swift in Sources */,
				4FECF4A12608A01E0081F034 /* BaseViewController.swift in Sources */,
				4FECF4D12608A8CC0081F034 /* MaskedTextfield.swift in Sources */,
				4FECF4B12608A5010081F034 /* LayoutGuidance.swift in Sources */,
				4FECF48426089DD70081F034 /* BaseModuleAssembly.swift in Sources */,
				732EE00EBBACE27AD2EDEB10 /* MainPageViewProtocols.swift in Sources */,
				5BDFE7623D92390A42E3F050 /* MainPageViewController.swift in Sources */,
				4FECF4D72608A9F60081F034 /* UIFontExtension.swift in Sources */,
				4FECF4DF2608AA750081F034 /* UILabelExtension.swift in Sources */,
				F2DA8EC0D2E4BC95F58C70D0 /* MainPageViewAdapter.swift in Sources */,
				4FECF47E26089D6B0081F034 /* SetupCoordinator.swift in Sources */,
				4FECF4C02608A5E50081F034 /* TextStyle.swift in Sources */,
				4FECF49826089FDB0081F034 /* ContainerExtension.swift in Sources */,
				4FECF4E42608AADC0081F034 /* Color.swift in Sources */,
				3210847354A8AF1EE251DA33 /* MainPageModuleInput.swift in Sources */,
				6E084EB6F71C17D3C8219AEE /* MainPageModuleOutput.swift in Sources */,
				4FECF49226089E490081F034 /* Inject.swift in Sources */,
				4FECF4E92608AB0B0081F034 /* TextFieldViewOutput.swift in Sources */,
				36FF6DEC8010A8FCCE4748A5 /* MainPageViewModel.swift in Sources */,
				AA1DC34F87179172C0153DB6 /* MainPageRouterInput.swift in Sources */,
				D8C6B59E5D14754B1EC331E0 /* MainPageRouter.swift in Sources */,
				4FECF4C92608A86A0081F034 /* EditingAction.swift in Sources */,
				4FECF46F26089C410081F034 /* RootUIControllerType.swift in Sources */,
				2849F7F757D710E4BBD06107 /* MainPageAssembly.swift in Sources */,
			);
			runOnlyForDeploymentPostprocessing = 0;
		};
		4FECF42626088B7D0081F034 /* Sources */ = {
			isa = PBXSourcesBuildPhase;
			buildActionMask = 2147483647;
			files = (
				4FECF42F26088B7D0081F034 /* SkyEngTranslateTests.swift in Sources */,
			);
			runOnlyForDeploymentPostprocessing = 0;
		};
		4FECF43126088B7D0081F034 /* Sources */ = {
			isa = PBXSourcesBuildPhase;
			buildActionMask = 2147483647;
			files = (
				4FECF43A26088B7D0081F034 /* SkyEngTranslateUITests.swift in Sources */,
			);
			runOnlyForDeploymentPostprocessing = 0;
		};
/* End PBXSourcesBuildPhase section */

/* Begin PBXTargetDependency section */
		4FECF42C26088B7D0081F034 /* PBXTargetDependency */ = {
			isa = PBXTargetDependency;
			target = 4FECF41326088B7A0081F034 /* SkyEngTranslate */;
			targetProxy = 4FECF42B26088B7D0081F034 /* PBXContainerItemProxy */;
		};
		4FECF43726088B7D0081F034 /* PBXTargetDependency */ = {
			isa = PBXTargetDependency;
			target = 4FECF41326088B7A0081F034 /* SkyEngTranslate */;
			targetProxy = 4FECF43626088B7D0081F034 /* PBXContainerItemProxy */;
		};
/* End PBXTargetDependency section */

/* Begin PBXVariantGroup section */
		4FECF42226088B7D0081F034 /* LaunchScreen.storyboard */ = {
			isa = PBXVariantGroup;
			children = (
				4FECF42326088B7D0081F034 /* Base */,
			);
			name = LaunchScreen.storyboard;
			sourceTree = "<group>";
		};
/* End PBXVariantGroup section */

/* Begin XCBuildConfiguration section */
		4FECF43C26088B7D0081F034 /* Debug */ = {
			isa = XCBuildConfiguration;
			buildSettings = {
				ALWAYS_SEARCH_USER_PATHS = NO;
				CLANG_ANALYZER_NONNULL = YES;
				CLANG_ANALYZER_NUMBER_OBJECT_CONVERSION = YES_AGGRESSIVE;
				CLANG_CXX_LANGUAGE_STANDARD = "gnu++14";
				CLANG_CXX_LIBRARY = "libc++";
				CLANG_ENABLE_MODULES = YES;
				CLANG_ENABLE_OBJC_ARC = YES;
				CLANG_ENABLE_OBJC_WEAK = YES;
				CLANG_WARN_BLOCK_CAPTURE_AUTORELEASING = YES;
				CLANG_WARN_BOOL_CONVERSION = YES;
				CLANG_WARN_COMMA = YES;
				CLANG_WARN_CONSTANT_CONVERSION = YES;
				CLANG_WARN_DEPRECATED_OBJC_IMPLEMENTATIONS = YES;
				CLANG_WARN_DIRECT_OBJC_ISA_USAGE = YES_ERROR;
				CLANG_WARN_DOCUMENTATION_COMMENTS = YES;
				CLANG_WARN_EMPTY_BODY = YES;
				CLANG_WARN_ENUM_CONVERSION = YES;
				CLANG_WARN_INFINITE_RECURSION = YES;
				CLANG_WARN_INT_CONVERSION = YES;
				CLANG_WARN_NON_LITERAL_NULL_CONVERSION = YES;
				CLANG_WARN_OBJC_IMPLICIT_RETAIN_SELF = YES;
				CLANG_WARN_OBJC_LITERAL_CONVERSION = YES;
				CLANG_WARN_OBJC_ROOT_CLASS = YES_ERROR;
				CLANG_WARN_QUOTED_INCLUDE_IN_FRAMEWORK_HEADER = YES;
				CLANG_WARN_RANGE_LOOP_ANALYSIS = YES;
				CLANG_WARN_STRICT_PROTOTYPES = YES;
				CLANG_WARN_SUSPICIOUS_MOVE = YES;
				CLANG_WARN_UNGUARDED_AVAILABILITY = YES_AGGRESSIVE;
				CLANG_WARN_UNREACHABLE_CODE = YES;
				CLANG_WARN__DUPLICATE_METHOD_MATCH = YES;
				COPY_PHASE_STRIP = NO;
				DEBUG_INFORMATION_FORMAT = dwarf;
				ENABLE_STRICT_OBJC_MSGSEND = YES;
				ENABLE_TESTABILITY = YES;
				GCC_C_LANGUAGE_STANDARD = gnu11;
				GCC_DYNAMIC_NO_PIC = NO;
				GCC_NO_COMMON_BLOCKS = YES;
				GCC_OPTIMIZATION_LEVEL = 0;
				GCC_PREPROCESSOR_DEFINITIONS = (
					"DEBUG=1",
					"$(inherited)",
				);
				GCC_WARN_64_TO_32_BIT_CONVERSION = YES;
				GCC_WARN_ABOUT_RETURN_TYPE = YES_ERROR;
				GCC_WARN_UNDECLARED_SELECTOR = YES;
				GCC_WARN_UNINITIALIZED_AUTOS = YES_AGGRESSIVE;
				GCC_WARN_UNUSED_FUNCTION = YES;
				GCC_WARN_UNUSED_VARIABLE = YES;
				IPHONEOS_DEPLOYMENT_TARGET = 14.4;
				MTL_ENABLE_DEBUG_INFO = INCLUDE_SOURCE;
				MTL_FAST_MATH = YES;
				ONLY_ACTIVE_ARCH = YES;
				SDKROOT = iphoneos;
				SWIFT_ACTIVE_COMPILATION_CONDITIONS = DEBUG;
				SWIFT_OPTIMIZATION_LEVEL = "-Onone";
			};
			name = Debug;
		};
		4FECF43D26088B7D0081F034 /* Release */ = {
			isa = XCBuildConfiguration;
			buildSettings = {
				ALWAYS_SEARCH_USER_PATHS = NO;
				CLANG_ANALYZER_NONNULL = YES;
				CLANG_ANALYZER_NUMBER_OBJECT_CONVERSION = YES_AGGRESSIVE;
				CLANG_CXX_LANGUAGE_STANDARD = "gnu++14";
				CLANG_CXX_LIBRARY = "libc++";
				CLANG_ENABLE_MODULES = YES;
				CLANG_ENABLE_OBJC_ARC = YES;
				CLANG_ENABLE_OBJC_WEAK = YES;
				CLANG_WARN_BLOCK_CAPTURE_AUTORELEASING = YES;
				CLANG_WARN_BOOL_CONVERSION = YES;
				CLANG_WARN_COMMA = YES;
				CLANG_WARN_CONSTANT_CONVERSION = YES;
				CLANG_WARN_DEPRECATED_OBJC_IMPLEMENTATIONS = YES;
				CLANG_WARN_DIRECT_OBJC_ISA_USAGE = YES_ERROR;
				CLANG_WARN_DOCUMENTATION_COMMENTS = YES;
				CLANG_WARN_EMPTY_BODY = YES;
				CLANG_WARN_ENUM_CONVERSION = YES;
				CLANG_WARN_INFINITE_RECURSION = YES;
				CLANG_WARN_INT_CONVERSION = YES;
				CLANG_WARN_NON_LITERAL_NULL_CONVERSION = YES;
				CLANG_WARN_OBJC_IMPLICIT_RETAIN_SELF = YES;
				CLANG_WARN_OBJC_LITERAL_CONVERSION = YES;
				CLANG_WARN_OBJC_ROOT_CLASS = YES_ERROR;
				CLANG_WARN_QUOTED_INCLUDE_IN_FRAMEWORK_HEADER = YES;
				CLANG_WARN_RANGE_LOOP_ANALYSIS = YES;
				CLANG_WARN_STRICT_PROTOTYPES = YES;
				CLANG_WARN_SUSPICIOUS_MOVE = YES;
				CLANG_WARN_UNGUARDED_AVAILABILITY = YES_AGGRESSIVE;
				CLANG_WARN_UNREACHABLE_CODE = YES;
				CLANG_WARN__DUPLICATE_METHOD_MATCH = YES;
				COPY_PHASE_STRIP = NO;
				DEBUG_INFORMATION_FORMAT = "dwarf-with-dsym";
				ENABLE_NS_ASSERTIONS = NO;
				ENABLE_STRICT_OBJC_MSGSEND = YES;
				GCC_C_LANGUAGE_STANDARD = gnu11;
				GCC_NO_COMMON_BLOCKS = YES;
				GCC_WARN_64_TO_32_BIT_CONVERSION = YES;
				GCC_WARN_ABOUT_RETURN_TYPE = YES_ERROR;
				GCC_WARN_UNDECLARED_SELECTOR = YES;
				GCC_WARN_UNINITIALIZED_AUTOS = YES_AGGRESSIVE;
				GCC_WARN_UNUSED_FUNCTION = YES;
				GCC_WARN_UNUSED_VARIABLE = YES;
				IPHONEOS_DEPLOYMENT_TARGET = 14.4;
				MTL_ENABLE_DEBUG_INFO = NO;
				MTL_FAST_MATH = YES;
				SDKROOT = iphoneos;
				SWIFT_COMPILATION_MODE = wholemodule;
				SWIFT_OPTIMIZATION_LEVEL = "-O";
				VALIDATE_PRODUCT = YES;
			};
			name = Release;
		};
		4FECF43F26088B7D0081F034 /* Debug */ = {
			isa = XCBuildConfiguration;
			baseConfigurationReference = F7E805A282F53CE24314643D /* Pods-SkyEngTranslate.debug.xcconfig */;
			buildSettings = {
				ASSETCATALOG_COMPILER_APPICON_NAME = AppIcon;
				ASSETCATALOG_COMPILER_GLOBAL_ACCENT_COLOR_NAME = AccentColor;
				CODE_SIGN_STYLE = Automatic;
				DEVELOPMENT_TEAM = A439DVJ2X6;
				INFOPLIST_FILE = SkyEngTranslate/Info.plist;
				IPHONEOS_DEPLOYMENT_TARGET = 13.0;
				LD_RUNPATH_SEARCH_PATHS = (
					"$(inherited)",
					"@executable_path/Frameworks",
				);
				PRODUCT_BUNDLE_IDENTIFIER = aturan23.SkyEngTranslate;
				PRODUCT_NAME = "$(TARGET_NAME)";
				SWIFT_VERSION = 5.0;
				TARGETED_DEVICE_FAMILY = "1,2";
			};
			name = Debug;
		};
		4FECF44026088B7D0081F034 /* Release */ = {
			isa = XCBuildConfiguration;
			baseConfigurationReference = 8129DC0DE0B7A56906BD202B /* Pods-SkyEngTranslate.release.xcconfig */;
			buildSettings = {
				ASSETCATALOG_COMPILER_APPICON_NAME = AppIcon;
				ASSETCATALOG_COMPILER_GLOBAL_ACCENT_COLOR_NAME = AccentColor;
				CODE_SIGN_STYLE = Automatic;
				DEVELOPMENT_TEAM = A439DVJ2X6;
				INFOPLIST_FILE = SkyEngTranslate/Info.plist;
				IPHONEOS_DEPLOYMENT_TARGET = 13.0;
				LD_RUNPATH_SEARCH_PATHS = (
					"$(inherited)",
					"@executable_path/Frameworks",
				);
				PRODUCT_BUNDLE_IDENTIFIER = aturan23.SkyEngTranslate;
				PRODUCT_NAME = "$(TARGET_NAME)";
				SWIFT_VERSION = 5.0;
				TARGETED_DEVICE_FAMILY = "1,2";
			};
			name = Release;
		};
		4FECF44226088B7D0081F034 /* Debug */ = {
			isa = XCBuildConfiguration;
			buildSettings = {
				ALWAYS_EMBED_SWIFT_STANDARD_LIBRARIES = YES;
				BUNDLE_LOADER = "$(TEST_HOST)";
				CODE_SIGN_STYLE = Automatic;
				DEVELOPMENT_TEAM = A439DVJ2X6;
				INFOPLIST_FILE = SkyEngTranslateTests/Info.plist;
				IPHONEOS_DEPLOYMENT_TARGET = 14.4;
				LD_RUNPATH_SEARCH_PATHS = (
					"$(inherited)",
					"@executable_path/Frameworks",
					"@loader_path/Frameworks",
				);
				PRODUCT_BUNDLE_IDENTIFIER = aturan23.SkyEngTranslateTests;
				PRODUCT_NAME = "$(TARGET_NAME)";
				SWIFT_VERSION = 5.0;
				TARGETED_DEVICE_FAMILY = "1,2";
				TEST_HOST = "$(BUILT_PRODUCTS_DIR)/SkyEngTranslate.app/SkyEngTranslate";
			};
			name = Debug;
		};
		4FECF44326088B7D0081F034 /* Release */ = {
			isa = XCBuildConfiguration;
			buildSettings = {
				ALWAYS_EMBED_SWIFT_STANDARD_LIBRARIES = YES;
				BUNDLE_LOADER = "$(TEST_HOST)";
				CODE_SIGN_STYLE = Automatic;
				DEVELOPMENT_TEAM = A439DVJ2X6;
				INFOPLIST_FILE = SkyEngTranslateTests/Info.plist;
				IPHONEOS_DEPLOYMENT_TARGET = 14.4;
				LD_RUNPATH_SEARCH_PATHS = (
					"$(inherited)",
					"@executable_path/Frameworks",
					"@loader_path/Frameworks",
				);
				PRODUCT_BUNDLE_IDENTIFIER = aturan23.SkyEngTranslateTests;
				PRODUCT_NAME = "$(TARGET_NAME)";
				SWIFT_VERSION = 5.0;
				TARGETED_DEVICE_FAMILY = "1,2";
				TEST_HOST = "$(BUILT_PRODUCTS_DIR)/SkyEngTranslate.app/SkyEngTranslate";
			};
			name = Release;
		};
		4FECF44526088B7D0081F034 /* Debug */ = {
			isa = XCBuildConfiguration;
			buildSettings = {
				ALWAYS_EMBED_SWIFT_STANDARD_LIBRARIES = YES;
				CODE_SIGN_STYLE = Automatic;
				DEVELOPMENT_TEAM = A439DVJ2X6;
				INFOPLIST_FILE = SkyEngTranslateUITests/Info.plist;
				LD_RUNPATH_SEARCH_PATHS = (
					"$(inherited)",
					"@executable_path/Frameworks",
					"@loader_path/Frameworks",
				);
				PRODUCT_BUNDLE_IDENTIFIER = aturan23.SkyEngTranslateUITests;
				PRODUCT_NAME = "$(TARGET_NAME)";
				SWIFT_VERSION = 5.0;
				TARGETED_DEVICE_FAMILY = "1,2";
				TEST_TARGET_NAME = SkyEngTranslate;
			};
			name = Debug;
		};
		4FECF44626088B7D0081F034 /* Release */ = {
			isa = XCBuildConfiguration;
			buildSettings = {
				ALWAYS_EMBED_SWIFT_STANDARD_LIBRARIES = YES;
				CODE_SIGN_STYLE = Automatic;
				DEVELOPMENT_TEAM = A439DVJ2X6;
				INFOPLIST_FILE = SkyEngTranslateUITests/Info.plist;
				LD_RUNPATH_SEARCH_PATHS = (
					"$(inherited)",
					"@executable_path/Frameworks",
					"@loader_path/Frameworks",
				);
				PRODUCT_BUNDLE_IDENTIFIER = aturan23.SkyEngTranslateUITests;
				PRODUCT_NAME = "$(TARGET_NAME)";
				SWIFT_VERSION = 5.0;
				TARGETED_DEVICE_FAMILY = "1,2";
				TEST_TARGET_NAME = SkyEngTranslate;
			};
			name = Release;
		};
/* End XCBuildConfiguration section */

/* Begin XCConfigurationList section */
		4FECF40F26088B7A0081F034 /* Build configuration list for PBXProject "SkyEngTranslate" */ = {
			isa = XCConfigurationList;
			buildConfigurations = (
				4FECF43C26088B7D0081F034 /* Debug */,
				4FECF43D26088B7D0081F034 /* Release */,
			);
			defaultConfigurationIsVisible = 0;
			defaultConfigurationName = Release;
		};
		4FECF43E26088B7D0081F034 /* Build configuration list for PBXNativeTarget "SkyEngTranslate" */ = {
			isa = XCConfigurationList;
			buildConfigurations = (
				4FECF43F26088B7D0081F034 /* Debug */,
				4FECF44026088B7D0081F034 /* Release */,
			);
			defaultConfigurationIsVisible = 0;
			defaultConfigurationName = Release;
		};
		4FECF44126088B7D0081F034 /* Build configuration list for PBXNativeTarget "SkyEngTranslateTests" */ = {
			isa = XCConfigurationList;
			buildConfigurations = (
				4FECF44226088B7D0081F034 /* Debug */,
				4FECF44326088B7D0081F034 /* Release */,
			);
			defaultConfigurationIsVisible = 0;
			defaultConfigurationName = Release;
		};
		4FECF44426088B7D0081F034 /* Build configuration list for PBXNativeTarget "SkyEngTranslateUITests" */ = {
			isa = XCConfigurationList;
			buildConfigurations = (
				4FECF44526088B7D0081F034 /* Debug */,
				4FECF44626088B7D0081F034 /* Release */,
			);
			defaultConfigurationIsVisible = 0;
			defaultConfigurationName = Release;
		};
/* End XCConfigurationList section */
	};
	rootObject = 4FECF40C26088B7A0081F034 /* Project object */;
}
