// !$*UTF8*$!
{
	archiveVersion = 1;
	classes = {
	};
	objectVersion = 51;
	objects = {

/* Begin PBXBuildFile section */
		2849F7F757D710E4BBD06107 /* MainPageAssembly.swift in Sources */ = {isa = PBXBuildFile; fileRef = A09D84F77CF8F8FC092A00F4 /* MainPageAssembly.swift */; };
		2AEFE0AE00CC3D9FB3FEE21C /* DetailPageViewProtocols.swift in Sources */ = {isa = PBXBuildFile; fileRef = AD46DA5280B0D4BF27461881 /* DetailPageViewProtocols.swift */; };
		3210847354A8AF1EE251DA33 /* MainPageModuleInput.swift in Sources */ = {isa = PBXBuildFile; fileRef = 450485CEC6059CC8A4802BFD /* MainPageModuleInput.swift */; };
		36FF6DEC8010A8FCCE4748A5 /* MainPageViewModel.swift in Sources */ = {isa = PBXBuildFile; fileRef = 4128FCD55CF6A80EA25E96C5 /* MainPageViewModel.swift */; };
		3E6A1DAEC795CCC9CE0A686E /* DetailPageRouterInput.swift in Sources */ = {isa = PBXBuildFile; fileRef = 7AE5D51CACC67909D46A9910 /* DetailPageRouterInput.swift */; };
		47E62CB1BDA3E94B3C2F5FA0 /* DetailPageViewController.swift in Sources */ = {isa = PBXBuildFile; fileRef = AAB674F1D80211D2F3CC05D6 /* DetailPageViewController.swift */; };
		4FECF41826088B7A0081F034 /* AppDelegate.swift in Sources */ = {isa = PBXBuildFile; fileRef = 4FECF41726088B7A0081F034 /* AppDelegate.swift */; };
		4FECF41A26088B7A0081F034 /* SceneDelegate.swift in Sources */ = {isa = PBXBuildFile; fileRef = 4FECF41926088B7A0081F034 /* SceneDelegate.swift */; };
		4FECF42126088B7D0081F034 /* Assets.xcassets in Resources */ = {isa = PBXBuildFile; fileRef = 4FECF42026088B7D0081F034 /* Assets.xcassets */; };
		4FECF42426088B7D0081F034 /* LaunchScreen.storyboard in Resources */ = {isa = PBXBuildFile; fileRef = 4FECF42226088B7D0081F034 /* LaunchScreen.storyboard */; };
		4FECF42F26088B7D0081F034 /* SkyEngTranslateTests.swift in Sources */ = {isa = PBXBuildFile; fileRef = 4FECF42E26088B7D0081F034 /* SkyEngTranslateTests.swift */; };
		4FECF46F26089C410081F034 /* RootUIControllerType.swift in Sources */ = {isa = PBXBuildFile; fileRef = 4FECF46E26089C410081F034 /* RootUIControllerType.swift */; };
		4FECF47626089D430081F034 /* SetupCoordinating.swift in Sources */ = {isa = PBXBuildFile; fileRef = 4FECF47526089D430081F034 /* SetupCoordinating.swift */; };
		4FECF47E26089D6B0081F034 /* SetupCoordinator.swift in Sources */ = {isa = PBXBuildFile; fileRef = 4FECF47D26089D6B0081F034 /* SetupCoordinator.swift */; };
		4FECF48426089DD70081F034 /* BaseModuleAssembly.swift in Sources */ = {isa = PBXBuildFile; fileRef = 4FECF48326089DD70081F034 /* BaseModuleAssembly.swift */; };
		4FECF49226089E490081F034 /* Inject.swift in Sources */ = {isa = PBXBuildFile; fileRef = 4FECF49126089E490081F034 /* Inject.swift */; };
		4FECF49826089FDB0081F034 /* ContainerExtension.swift in Sources */ = {isa = PBXBuildFile; fileRef = 4FECF49726089FDB0081F034 /* ContainerExtension.swift */; };
		4FECF4A12608A01E0081F034 /* BaseViewController.swift in Sources */ = {isa = PBXBuildFile; fileRef = 4FECF4A02608A01E0081F034 /* BaseViewController.swift */; };
		4FECF4AC2608A4520081F034 /* TextFieldView.swift in Sources */ = {isa = PBXBuildFile; fileRef = 4FECF4AB2608A4520081F034 /* TextFieldView.swift */; };
		4FECF4B12608A5010081F034 /* LayoutGuidance.swift in Sources */ = {isa = PBXBuildFile; fileRef = 4FECF4B02608A5010081F034 /* LayoutGuidance.swift */; };
		4FECF4B82608A5AB0081F034 /* LabelFactory.swift in Sources */ = {isa = PBXBuildFile; fileRef = 4FECF4B72608A5AB0081F034 /* LabelFactory.swift */; };
		4FECF4C02608A5E50081F034 /* TextStyle.swift in Sources */ = {isa = PBXBuildFile; fileRef = 4FECF4BF2608A5E50081F034 /* TextStyle.swift */; };
		4FECF4C92608A86A0081F034 /* EditingAction.swift in Sources */ = {isa = PBXBuildFile; fileRef = 4FECF4C82608A86A0081F034 /* EditingAction.swift */; };
		4FECF4D12608A8CC0081F034 /* MaskedTextfield.swift in Sources */ = {isa = PBXBuildFile; fileRef = 4FECF4D02608A8CC0081F034 /* MaskedTextfield.swift */; };
		4FECF4D72608A9F60081F034 /* UIFontExtension.swift in Sources */ = {isa = PBXBuildFile; fileRef = 4FECF4D62608A9F60081F034 /* UIFontExtension.swift */; };
		4FECF4DF2608AA750081F034 /* UILabelExtension.swift in Sources */ = {isa = PBXBuildFile; fileRef = 4FECF4DE2608AA750081F034 /* UILabelExtension.swift */; };
		4FECF4E42608AADC0081F034 /* (null) in Sources */ = {isa = PBXBuildFile; };
		4FECF4E92608AB0B0081F034 /* TextFieldViewOutput.swift in Sources */ = {isa = PBXBuildFile; fileRef = 4FECF4E82608AB0B0081F034 /* TextFieldViewOutput.swift */; };
		4FECF4EE2608AE090081F034 /* KeyboardListening.swift in Sources */ = {isa = PBXBuildFile; fileRef = 4FECF4ED2608AE090081F034 /* KeyboardListening.swift */; };
		4FECF4F42608AF4F0081F034 /* Button.swift in Sources */ = {isa = PBXBuildFile; fileRef = 4FECF4F32608AF4F0081F034 /* Button.swift */; };
		4FECF4FC2608AF700081F034 /* IndicatorProtocol.swift in Sources */ = {isa = PBXBuildFile; fileRef = 4FECF4FB2608AF700081F034 /* IndicatorProtocol.swift */; };
		4FECF5042608AFAB0081F034 /* UIActivityIndicatorViewExtension.swift in Sources */ = {isa = PBXBuildFile; fileRef = 4FECF5032608AFAB0081F034 /* UIActivityIndicatorViewExtension.swift */; };
		4FECF5092608B00D0081F034 /* UIImageExtension.swift in Sources */ = {isa = PBXBuildFile; fileRef = 4FECF5082608B00D0081F034 /* UIImageExtension.swift */; };
		4FECF50E2608B03D0081F034 /* CALayerExtension.swift in Sources */ = {isa = PBXBuildFile; fileRef = 4FECF50D2608B03D0081F034 /* CALayerExtension.swift */; };
		4FECF5132608B05F0081F034 /* UIButtonExtension.swift in Sources */ = {isa = PBXBuildFile; fileRef = 4FECF5122608B05F0081F034 /* UIButtonExtension.swift */; };
		4FECF5182608B0810081F034 /* PrimaryButton.swift in Sources */ = {isa = PBXBuildFile; fileRef = 4FECF5172608B0810081F034 /* PrimaryButton.swift */; };
		4FECF51F2608B4170081F034 /* NetworkError.swift in Sources */ = {isa = PBXBuildFile; fileRef = 4FECF51E2608B4170081F034 /* NetworkError.swift */; };
		4FECF5272608B4C10081F034 /* NetworkDataProvider.swift in Sources */ = {isa = PBXBuildFile; fileRef = 4FECF5262608B4C10081F034 /* NetworkDataProvider.swift */; };
		4FECF5342608B5200081F034 /* NetworkReachabilityChecking.swift in Sources */ = {isa = PBXBuildFile; fileRef = 4FECF5332608B5200081F034 /* NetworkReachabilityChecking.swift */; };
		4FECF5392608B59A0081F034 /* NetworkLoggerPluginConfig.swift in Sources */ = {isa = PBXBuildFile; fileRef = 4FECF5382608B59A0081F034 /* NetworkLoggerPluginConfig.swift */; };
		4FECF53E2608B6000081F034 /* Alamofire+NetworkReachabilityChecking.swift in Sources */ = {isa = PBXBuildFile; fileRef = 4FECF53D2608B6000081F034 /* Alamofire+NetworkReachabilityChecking.swift */; };
		4FECF5432608B6760081F034 /* APIResult.swift in Sources */ = {isa = PBXBuildFile; fileRef = 4FECF5422608B6760081F034 /* APIResult.swift */; };
		4FECF5482608B6AB0081F034 /* JSONStandard.swift in Sources */ = {isa = PBXBuildFile; fileRef = 4FECF5472608B6AB0081F034 /* JSONStandard.swift */; };
		4FECF5532608B7890081F034 /* SearchTarget.swift in Sources */ = {isa = PBXBuildFile; fileRef = 4FECF5522608B7890081F034 /* SearchTarget.swift */; };
		4FECF55B2608B7BF0081F034 /* BaseTargetType.swift in Sources */ = {isa = PBXBuildFile; fileRef = 4FECF55A2608B7BF0081F034 /* BaseTargetType.swift */; };
		4FECF56F2608BC6B0081F034 /* EnvConfiguration.plist in Resources */ = {isa = PBXBuildFile; fileRef = 4FECF56E2608BC6B0081F034 /* EnvConfiguration.plist */; };
		4FECF5782608BCB30081F034 /* CommonConfiguration.plist in Resources */ = {isa = PBXBuildFile; fileRef = 4FECF5772608BCB30081F034 /* CommonConfiguration.plist */; };
		4FECF5892608C1F60081F034 /* SearchServiceProtocol.swift in Sources */ = {isa = PBXBuildFile; fileRef = 4FECF5882608C1F60081F034 /* SearchServiceProtocol.swift */; };
		4FECF5912608C25C0081F034 /* SearchService.swift in Sources */ = {isa = PBXBuildFile; fileRef = 4FECF5902608C25C0081F034 /* SearchService.swift */; };
		4FECF5D02608D0C00081F034 /* EnvConfigs.swift in Sources */ = {isa = PBXBuildFile; fileRef = 4FECF5AA2608CF6E0081F034 /* EnvConfigs.swift */; };
		4FECF5D42608D0C20081F034 /* CommonConfigs.swift in Sources */ = {isa = PBXBuildFile; fileRef = 4FECF5A92608CF6E0081F034 /* CommonConfigs.swift */; };
		4FECF5D82608D0C50081F034 /* Assets.swift in Sources */ = {isa = PBXBuildFile; fileRef = 4FECF5A82608CF6E0081F034 /* Assets.swift */; };
		4FECF5DC2608D0C80081F034 /* Colors.json in Resources */ = {isa = PBXBuildFile; fileRef = 4FECF5962608C7FC0081F034 /* Colors.json */; };
		4FECF5E12608D1200081F034 /* Color.swift in Sources */ = {isa = PBXBuildFile; fileRef = 4FECF5E02608D1200081F034 /* Color.swift */; };
		4FECF5EA2608D4100081F034 /* Word.swift in Sources */ = {isa = PBXBuildFile; fileRef = 4FECF5E92608D4100081F034 /* Word.swift */; };
		4FECF5F22608D8F40081F034 /* LogoTableViewManager.swift in Sources */ = {isa = PBXBuildFile; fileRef = 4FECF5F12608D8F40081F034 /* LogoTableViewManager.swift */; };
		4FECF5F82608D92F0081F034 /* LogoTableViewCell.swift in Sources */ = {isa = PBXBuildFile; fileRef = 4FECF5F72608D92F0081F034 /* LogoTableViewCell.swift */; };
		4FECF6002608D9A20081F034 /* LogoCellAdapter.swift in Sources */ = {isa = PBXBuildFile; fileRef = 4FECF5FF2608D9A20081F034 /* LogoCellAdapter.swift */; };
		4FECF6162608DA540081F034 /* LogoImageView.swift in Sources */ = {isa = PBXBuildFile; fileRef = 4FECF6152608DA540081F034 /* LogoImageView.swift */; };
		4FECF6272608DADA0081F034 /* TableViewSectionModel.swift in Sources */ = {isa = PBXBuildFile; fileRef = 4FECF6262608DADA0081F034 /* TableViewSectionModel.swift */; };
		4FECF62C2608DB180081F034 /* ReusableView.swift in Sources */ = {isa = PBXBuildFile; fileRef = 4FECF62B2608DB180081F034 /* ReusableView.swift */; };
		4FECF6312608DB340081F034 /* LogoTableSectionHeaderView.swift in Sources */ = {isa = PBXBuildFile; fileRef = 4FECF6302608DB340081F034 /* LogoTableSectionHeaderView.swift */; };
		4FECF6362608DB6F0081F034 /* UIImageViewExtension.swift in Sources */ = {isa = PBXBuildFile; fileRef = 4FECF6352608DB6F0081F034 /* UIImageViewExtension.swift */; };
		4FECF63F2608DBAD0081F034 /* SeparatorView.swift in Sources */ = {isa = PBXBuildFile; fileRef = 4FECF63E2608DBAD0081F034 /* SeparatorView.swift */; };
		4FECF6472608DC520081F034 /* WordsCellAdapter.swift in Sources */ = {isa = PBXBuildFile; fileRef = 4FECF6462608DC520081F034 /* WordsCellAdapter.swift */; };
		4FECF65726096C7F0081F034 /* ShimmeringViewPresentable.swift in Sources */ = {isa = PBXBuildFile; fileRef = 4FECF65626096C7F0081F034 /* ShimmeringViewPresentable.swift */; };
		4FECF65C26096CB90081F034 /* TableStatusView.swift in Sources */ = {isa = PBXBuildFile; fileRef = 4FECF65B26096CB90081F034 /* TableStatusView.swift */; };
		4FECF66126096CD80081F034 /* LoadingFailurePresentable.swift in Sources */ = {isa = PBXBuildFile; fileRef = 4FECF66026096CD80081F034 /* LoadingFailurePresentable.swift */; };
		4FECF66626096CFC0081F034 /* LoadingFailureView.swift in Sources */ = {isa = PBXBuildFile; fileRef = 4FECF66526096CFC0081F034 /* LoadingFailureView.swift */; };
		4FECF66B26096E290081F034 /* EmptyStateView.swift in Sources */ = {isa = PBXBuildFile; fileRef = 4FECF66A26096E290081F034 /* EmptyStateView.swift */; };
		4FECF67226096EB10081F034 /* StackContainerView.swift in Sources */ = {isa = PBXBuildFile; fileRef = 4FECF67126096EB10081F034 /* StackContainerView.swift */; };
		4FECF67A26096EEB0081F034 /* ShimmeringView.swift in Sources */ = {isa = PBXBuildFile; fileRef = 4FECF67926096EEB0081F034 /* ShimmeringView.swift */; };
		4FECF69D260983130081F034 /* MeaningCardView.swift in Sources */ = {isa = PBXBuildFile; fileRef = 4FECF69C260983130081F034 /* MeaningCardView.swift */; };
		4FECF6A42609950C0081F034 /* MainPageModuleAssemblyTests.swift in Sources */ = {isa = PBXBuildFile; fileRef = 4FECF6A32609950C0081F034 /* MainPageModuleAssemblyTests.swift */; };
		4FECF6DB260998BD0081F034 /* Pods_SkyEngTranslate.framework in Frameworks */ = {isa = PBXBuildFile; fileRef = 4FECF6DA260998BD0081F034 /* Pods_SkyEngTranslate.framework */; };
		4FECF6EE26099B7C0081F034 /* DetailPageModuleAssemblyTests.swift in Sources */ = {isa = PBXBuildFile; fileRef = 4FECF6ED26099B7C0081F034 /* DetailPageModuleAssemblyTests.swift */; };
		5BDFE7623D92390A42E3F050 /* MainPageViewController.swift in Sources */ = {isa = PBXBuildFile; fileRef = 7C1A566466F24AB44C9B86DE /* MainPageViewController.swift */; };
		6E084EB6F71C17D3C8219AEE /* MainPageModuleOutput.swift in Sources */ = {isa = PBXBuildFile; fileRef = 1F0F677F6C52B2E512D06B44 /* MainPageModuleOutput.swift */; };
		732EE00EBBACE27AD2EDEB10 /* MainPageViewProtocols.swift in Sources */ = {isa = PBXBuildFile; fileRef = 3FDBC7E3F18A7E271212E071 /* MainPageViewProtocols.swift */; };
		7B570EE3EDF0E9A78D53D0C0 /* Pods_SkyEngTranslate.framework in Frameworks */ = {isa = PBXBuildFile; fileRef = 7F2121FFB13936345A81A481 /* Pods_SkyEngTranslate.framework */; };
		AA1DC34F87179172C0153DB6 /* MainPageRouterInput.swift in Sources */ = {isa = PBXBuildFile; fileRef = EE2E6941005E141309D17F8E /* MainPageRouterInput.swift */; };
		ACD0D0E2184FDDFF5EE52572 /* DetailPageRouter.swift in Sources */ = {isa = PBXBuildFile; fileRef = 68B37F227CA4F4ABB29A2E68 /* DetailPageRouter.swift */; };
		AD4348F624646D31D17941EA /* DetailPageAssembly.swift in Sources */ = {isa = PBXBuildFile; fileRef = 794394810B9237E381771696 /* DetailPageAssembly.swift */; };
		CBB5F4FC575E97AD507E1906 /* DetailPageModuleOutput.swift in Sources */ = {isa = PBXBuildFile; fileRef = FF7326F42AE3481A3048547B /* DetailPageModuleOutput.swift */; };
		D8C6B59E5D14754B1EC331E0 /* MainPageRouter.swift in Sources */ = {isa = PBXBuildFile; fileRef = 106D56D59D4767D115413DE5 /* MainPageRouter.swift */; };
		E16B5ECBC7365EBB5681C845 /* DetailPageViewModel.swift in Sources */ = {isa = PBXBuildFile; fileRef = 3C66EF545FA1D6AEF24467E0 /* DetailPageViewModel.swift */; };
		F2DA8EC0D2E4BC95F58C70D0 /* MainPageViewAdapter.swift in Sources */ = {isa = PBXBuildFile; fileRef = 38DB428C9D3E23694776F6CE /* MainPageViewAdapter.swift */; };
		F7FA9408F6B98DAD4D30007F /* DetailPageViewAdapter.swift in Sources */ = {isa = PBXBuildFile; fileRef = BFBFF98F7EB08270DA246A66 /* DetailPageViewAdapter.swift */; };
		FAFCFE2898BBF92F7B66CAF1 /* DetailPageModuleInput.swift in Sources */ = {isa = PBXBuildFile; fileRef = ABC896CF085C95010A4E3D52 /* DetailPageModuleInput.swift */; };
/* End PBXBuildFile section */

/* Begin PBXContainerItemProxy section */
		4FECF42B26088B7D0081F034 /* PBXContainerItemProxy */ = {
			isa = PBXContainerItemProxy;
			containerPortal = 4FECF40C26088B7A0081F034 /* Project object */;
			proxyType = 1;
			remoteGlobalIDString = 4FECF41326088B7A0081F034;
			remoteInfo = SkyEngTranslate;
		};
/* End PBXContainerItemProxy section */

/* Begin PBXFileReference section */
		106D56D59D4767D115413DE5 /* MainPageRouter.swift */ = {isa = PBXFileReference; includeInIndex = 1; lastKnownFileType = sourcecode.swift; path = MainPageRouter.swift; sourceTree = "<group>"; };
		1F0F677F6C52B2E512D06B44 /* MainPageModuleOutput.swift */ = {isa = PBXFileReference; includeInIndex = 1; lastKnownFileType = sourcecode.swift; path = MainPageModuleOutput.swift; sourceTree = "<group>"; };
		38DB428C9D3E23694776F6CE /* MainPageViewAdapter.swift */ = {isa = PBXFileReference; includeInIndex = 1; lastKnownFileType = sourcecode.swift; path = MainPageViewAdapter.swift; sourceTree = "<group>"; };
		3C66EF545FA1D6AEF24467E0 /* DetailPageViewModel.swift */ = {isa = PBXFileReference; includeInIndex = 1; lastKnownFileType = sourcecode.swift; path = DetailPageViewModel.swift; sourceTree = "<group>"; };
		3FDBC7E3F18A7E271212E071 /* MainPageViewProtocols.swift */ = {isa = PBXFileReference; includeInIndex = 1; lastKnownFileType = sourcecode.swift; path = MainPageViewProtocols.swift; sourceTree = "<group>"; };
		4128FCD55CF6A80EA25E96C5 /* MainPageViewModel.swift */ = {isa = PBXFileReference; includeInIndex = 1; lastKnownFileType = sourcecode.swift; path = MainPageViewModel.swift; sourceTree = "<group>"; };
		450485CEC6059CC8A4802BFD /* MainPageModuleInput.swift */ = {isa = PBXFileReference; includeInIndex = 1; lastKnownFileType = sourcecode.swift; path = MainPageModuleInput.swift; sourceTree = "<group>"; };
		4FECF41426088B7A0081F034 /* SkyEngTranslate.app */ = {isa = PBXFileReference; explicitFileType = wrapper.application; includeInIndex = 0; path = SkyEngTranslate.app; sourceTree = BUILT_PRODUCTS_DIR; };
		4FECF41726088B7A0081F034 /* AppDelegate.swift */ = {isa = PBXFileReference; lastKnownFileType = sourcecode.swift; path = AppDelegate.swift; sourceTree = "<group>"; };
		4FECF41926088B7A0081F034 /* SceneDelegate.swift */ = {isa = PBXFileReference; lastKnownFileType = sourcecode.swift; path = SceneDelegate.swift; sourceTree = "<group>"; };
		4FECF42026088B7D0081F034 /* Assets.xcassets */ = {isa = PBXFileReference; lastKnownFileType = folder.assetcatalog; path = Assets.xcassets; sourceTree = "<group>"; };
		4FECF42326088B7D0081F034 /* Base */ = {isa = PBXFileReference; lastKnownFileType = file.storyboard; name = Base; path = Base.lproj/LaunchScreen.storyboard; sourceTree = "<group>"; };
		4FECF42526088B7D0081F034 /* Info.plist */ = {isa = PBXFileReference; lastKnownFileType = text.plist.xml; path = Info.plist; sourceTree = "<group>"; };
		4FECF42A26088B7D0081F034 /* SkyEngTranslateTests.xctest */ = {isa = PBXFileReference; explicitFileType = wrapper.cfbundle; includeInIndex = 0; path = SkyEngTranslateTests.xctest; sourceTree = BUILT_PRODUCTS_DIR; };
		4FECF42E26088B7D0081F034 /* SkyEngTranslateTests.swift */ = {isa = PBXFileReference; lastKnownFileType = sourcecode.swift; path = SkyEngTranslateTests.swift; sourceTree = "<group>"; };
		4FECF43026088B7D0081F034 /* Info.plist */ = {isa = PBXFileReference; lastKnownFileType = text.plist.xml; path = Info.plist; sourceTree = "<group>"; };
		4FECF46E26089C410081F034 /* RootUIControllerType.swift */ = {isa = PBXFileReference; lastKnownFileType = sourcecode.swift; path = RootUIControllerType.swift; sourceTree = "<group>"; };
		4FECF47526089D430081F034 /* SetupCoordinating.swift */ = {isa = PBXFileReference; lastKnownFileType = sourcecode.swift; path = SetupCoordinating.swift; sourceTree = "<group>"; };
		4FECF47D26089D6B0081F034 /* SetupCoordinator.swift */ = {isa = PBXFileReference; lastKnownFileType = sourcecode.swift; path = SetupCoordinator.swift; sourceTree = "<group>"; };
		4FECF48326089DD70081F034 /* BaseModuleAssembly.swift */ = {isa = PBXFileReference; lastKnownFileType = sourcecode.swift; path = BaseModuleAssembly.swift; sourceTree = "<group>"; };
		4FECF49126089E490081F034 /* Inject.swift */ = {isa = PBXFileReference; lastKnownFileType = sourcecode.swift; path = Inject.swift; sourceTree = "<group>"; };
		4FECF49726089FDB0081F034 /* ContainerExtension.swift */ = {isa = PBXFileReference; lastKnownFileType = sourcecode.swift; path = ContainerExtension.swift; sourceTree = "<group>"; };
		4FECF4A02608A01E0081F034 /* BaseViewController.swift */ = {isa = PBXFileReference; lastKnownFileType = sourcecode.swift; path = BaseViewController.swift; sourceTree = "<group>"; };
		4FECF4AB2608A4520081F034 /* TextFieldView.swift */ = {isa = PBXFileReference; lastKnownFileType = sourcecode.swift; path = TextFieldView.swift; sourceTree = "<group>"; };
		4FECF4B02608A5010081F034 /* LayoutGuidance.swift */ = {isa = PBXFileReference; lastKnownFileType = sourcecode.swift; path = LayoutGuidance.swift; sourceTree = "<group>"; };
		4FECF4B72608A5AB0081F034 /* LabelFactory.swift */ = {isa = PBXFileReference; lastKnownFileType = sourcecode.swift; path = LabelFactory.swift; sourceTree = "<group>"; };
		4FECF4BF2608A5E50081F034 /* TextStyle.swift */ = {isa = PBXFileReference; lastKnownFileType = sourcecode.swift; path = TextStyle.swift; sourceTree = "<group>"; };
		4FECF4C82608A86A0081F034 /* EditingAction.swift */ = {isa = PBXFileReference; lastKnownFileType = sourcecode.swift; path = EditingAction.swift; sourceTree = "<group>"; };
		4FECF4D02608A8CC0081F034 /* MaskedTextfield.swift */ = {isa = PBXFileReference; lastKnownFileType = sourcecode.swift; path = MaskedTextfield.swift; sourceTree = "<group>"; };
		4FECF4D62608A9F60081F034 /* UIFontExtension.swift */ = {isa = PBXFileReference; lastKnownFileType = sourcecode.swift; path = UIFontExtension.swift; sourceTree = "<group>"; };
		4FECF4DE2608AA750081F034 /* UILabelExtension.swift */ = {isa = PBXFileReference; lastKnownFileType = sourcecode.swift; path = UILabelExtension.swift; sourceTree = "<group>"; };
		4FECF4E82608AB0B0081F034 /* TextFieldViewOutput.swift */ = {isa = PBXFileReference; lastKnownFileType = sourcecode.swift; path = TextFieldViewOutput.swift; sourceTree = "<group>"; };
		4FECF4ED2608AE090081F034 /* KeyboardListening.swift */ = {isa = PBXFileReference; lastKnownFileType = sourcecode.swift; path = KeyboardListening.swift; sourceTree = "<group>"; };
		4FECF4F32608AF4F0081F034 /* Button.swift */ = {isa = PBXFileReference; lastKnownFileType = sourcecode.swift; path = Button.swift; sourceTree = "<group>"; };
		4FECF4FB2608AF700081F034 /* IndicatorProtocol.swift */ = {isa = PBXFileReference; lastKnownFileType = sourcecode.swift; path = IndicatorProtocol.swift; sourceTree = "<group>"; };
		4FECF5032608AFAB0081F034 /* UIActivityIndicatorViewExtension.swift */ = {isa = PBXFileReference; lastKnownFileType = sourcecode.swift; path = UIActivityIndicatorViewExtension.swift; sourceTree = "<group>"; };
		4FECF5082608B00D0081F034 /* UIImageExtension.swift */ = {isa = PBXFileReference; lastKnownFileType = sourcecode.swift; path = UIImageExtension.swift; sourceTree = "<group>"; };
		4FECF50D2608B03D0081F034 /* CALayerExtension.swift */ = {isa = PBXFileReference; lastKnownFileType = sourcecode.swift; path = CALayerExtension.swift; sourceTree = "<group>"; };
		4FECF5122608B05F0081F034 /* UIButtonExtension.swift */ = {isa = PBXFileReference; lastKnownFileType = sourcecode.swift; path = UIButtonExtension.swift; sourceTree = "<group>"; };
		4FECF5172608B0810081F034 /* PrimaryButton.swift */ = {isa = PBXFileReference; lastKnownFileType = sourcecode.swift; path = PrimaryButton.swift; sourceTree = "<group>"; };
		4FECF51E2608B4170081F034 /* NetworkError.swift */ = {isa = PBXFileReference; lastKnownFileType = sourcecode.swift; path = NetworkError.swift; sourceTree = "<group>"; };
		4FECF5262608B4C10081F034 /* NetworkDataProvider.swift */ = {isa = PBXFileReference; lastKnownFileType = sourcecode.swift; path = NetworkDataProvider.swift; sourceTree = "<group>"; };
		4FECF5332608B5200081F034 /* NetworkReachabilityChecking.swift */ = {isa = PBXFileReference; lastKnownFileType = sourcecode.swift; path = NetworkReachabilityChecking.swift; sourceTree = "<group>"; };
		4FECF5382608B59A0081F034 /* NetworkLoggerPluginConfig.swift */ = {isa = PBXFileReference; lastKnownFileType = sourcecode.swift; path = NetworkLoggerPluginConfig.swift; sourceTree = "<group>"; };
		4FECF53D2608B6000081F034 /* Alamofire+NetworkReachabilityChecking.swift */ = {isa = PBXFileReference; lastKnownFileType = sourcecode.swift; path = "Alamofire+NetworkReachabilityChecking.swift"; sourceTree = "<group>"; };
		4FECF5422608B6760081F034 /* APIResult.swift */ = {isa = PBXFileReference; lastKnownFileType = sourcecode.swift; path = APIResult.swift; sourceTree = "<group>"; };
		4FECF5472608B6AB0081F034 /* JSONStandard.swift */ = {isa = PBXFileReference; lastKnownFileType = sourcecode.swift; path = JSONStandard.swift; sourceTree = "<group>"; };
		4FECF5522608B7890081F034 /* SearchTarget.swift */ = {isa = PBXFileReference; lastKnownFileType = sourcecode.swift; path = SearchTarget.swift; sourceTree = "<group>"; };
		4FECF55A2608B7BF0081F034 /* BaseTargetType.swift */ = {isa = PBXFileReference; lastKnownFileType = sourcecode.swift; path = BaseTargetType.swift; sourceTree = "<group>"; };
		4FECF56E2608BC6B0081F034 /* EnvConfiguration.plist */ = {isa = PBXFileReference; lastKnownFileType = text.plist.xml; path = EnvConfiguration.plist; sourceTree = "<group>"; };
		4FECF5762608BC8A0081F034 /* EnvConfiguration.plist */ = {isa = PBXFileReference; lastKnownFileType = text.plist.xml; path = EnvConfiguration.plist; sourceTree = "<group>"; };
		4FECF5772608BCB30081F034 /* CommonConfiguration.plist */ = {isa = PBXFileReference; lastKnownFileType = text.plist.xml; path = CommonConfiguration.plist; sourceTree = "<group>"; };
		4FECF5882608C1F60081F034 /* SearchServiceProtocol.swift */ = {isa = PBXFileReference; lastKnownFileType = sourcecode.swift; path = SearchServiceProtocol.swift; sourceTree = "<group>"; };
		4FECF5902608C25C0081F034 /* SearchService.swift */ = {isa = PBXFileReference; lastKnownFileType = sourcecode.swift; path = SearchService.swift; sourceTree = "<group>"; };
		4FECF5962608C7FC0081F034 /* Colors.json */ = {isa = PBXFileReference; lastKnownFileType = text.json; path = Colors.json; sourceTree = "<group>"; };
		4FECF5A82608CF6E0081F034 /* Assets.swift */ = {isa = PBXFileReference; fileEncoding = 4; lastKnownFileType = sourcecode.swift; path = Assets.swift; sourceTree = "<group>"; };
		4FECF5A92608CF6E0081F034 /* CommonConfigs.swift */ = {isa = PBXFileReference; fileEncoding = 4; lastKnownFileType = sourcecode.swift; path = CommonConfigs.swift; sourceTree = "<group>"; };
		4FECF5AA2608CF6E0081F034 /* EnvConfigs.swift */ = {isa = PBXFileReference; fileEncoding = 4; lastKnownFileType = sourcecode.swift; path = EnvConfigs.swift; sourceTree = "<group>"; };
		4FECF5E02608D1200081F034 /* Color.swift */ = {isa = PBXFileReference; fileEncoding = 4; lastKnownFileType = sourcecode.swift; path = Color.swift; sourceTree = "<group>"; };
		4FECF5E92608D4100081F034 /* Word.swift */ = {isa = PBXFileReference; lastKnownFileType = sourcecode.swift; path = Word.swift; sourceTree = "<group>"; };
		4FECF5F12608D8F40081F034 /* LogoTableViewManager.swift */ = {isa = PBXFileReference; lastKnownFileType = sourcecode.swift; path = LogoTableViewManager.swift; sourceTree = "<group>"; };
		4FECF5F72608D92F0081F034 /* LogoTableViewCell.swift */ = {isa = PBXFileReference; lastKnownFileType = sourcecode.swift; path = LogoTableViewCell.swift; sourceTree = "<group>"; };
		4FECF5FF2608D9A20081F034 /* LogoCellAdapter.swift */ = {isa = PBXFileReference; lastKnownFileType = sourcecode.swift; path = LogoCellAdapter.swift; sourceTree = "<group>"; };
		4FECF6152608DA540081F034 /* LogoImageView.swift */ = {isa = PBXFileReference; lastKnownFileType = sourcecode.swift; path = LogoImageView.swift; sourceTree = "<group>"; };
		4FECF6262608DADA0081F034 /* TableViewSectionModel.swift */ = {isa = PBXFileReference; lastKnownFileType = sourcecode.swift; path = TableViewSectionModel.swift; sourceTree = "<group>"; };
		4FECF62B2608DB180081F034 /* ReusableView.swift */ = {isa = PBXFileReference; lastKnownFileType = sourcecode.swift; path = ReusableView.swift; sourceTree = "<group>"; };
		4FECF6302608DB340081F034 /* LogoTableSectionHeaderView.swift */ = {isa = PBXFileReference; lastKnownFileType = sourcecode.swift; path = LogoTableSectionHeaderView.swift; sourceTree = "<group>"; };
		4FECF6352608DB6F0081F034 /* UIImageViewExtension.swift */ = {isa = PBXFileReference; lastKnownFileType = sourcecode.swift; path = UIImageViewExtension.swift; sourceTree = "<group>"; };
		4FECF63E2608DBAD0081F034 /* SeparatorView.swift */ = {isa = PBXFileReference; lastKnownFileType = sourcecode.swift; path = SeparatorView.swift; sourceTree = "<group>"; };
		4FECF6462608DC520081F034 /* WordsCellAdapter.swift */ = {isa = PBXFileReference; lastKnownFileType = sourcecode.swift; path = WordsCellAdapter.swift; sourceTree = "<group>"; };
		4FECF65626096C7F0081F034 /* ShimmeringViewPresentable.swift */ = {isa = PBXFileReference; lastKnownFileType = sourcecode.swift; path = ShimmeringViewPresentable.swift; sourceTree = "<group>"; };
		4FECF65B26096CB90081F034 /* TableStatusView.swift */ = {isa = PBXFileReference; lastKnownFileType = sourcecode.swift; path = TableStatusView.swift; sourceTree = "<group>"; };
		4FECF66026096CD80081F034 /* LoadingFailurePresentable.swift */ = {isa = PBXFileReference; lastKnownFileType = sourcecode.swift; path = LoadingFailurePresentable.swift; sourceTree = "<group>"; };
		4FECF66526096CFC0081F034 /* LoadingFailureView.swift */ = {isa = PBXFileReference; lastKnownFileType = sourcecode.swift; path = LoadingFailureView.swift; sourceTree = "<group>"; };
		4FECF66A26096E290081F034 /* EmptyStateView.swift */ = {isa = PBXFileReference; lastKnownFileType = sourcecode.swift; path = EmptyStateView.swift; sourceTree = "<group>"; };
		4FECF67126096EB10081F034 /* StackContainerView.swift */ = {isa = PBXFileReference; lastKnownFileType = sourcecode.swift; path = StackContainerView.swift; sourceTree = "<group>"; };
		4FECF67926096EEB0081F034 /* ShimmeringView.swift */ = {isa = PBXFileReference; lastKnownFileType = sourcecode.swift; path = ShimmeringView.swift; sourceTree = "<group>"; };
		4FECF69C260983130081F034 /* MeaningCardView.swift */ = {isa = PBXFileReference; lastKnownFileType = sourcecode.swift; path = MeaningCardView.swift; sourceTree = "<group>"; };
		4FECF6A32609950C0081F034 /* MainPageModuleAssemblyTests.swift */ = {isa = PBXFileReference; lastKnownFileType = sourcecode.swift; path = MainPageModuleAssemblyTests.swift; sourceTree = "<group>"; };
		4FECF6AB2609967D0081F034 /* Alamofire.framework */ = {isa = PBXFileReference; explicitFileType = wrapper.framework; path = Alamofire.framework; sourceTree = BUILT_PRODUCTS_DIR; };
		4FECF6B5260997360081F034 /* Alamofire.framework */ = {isa = PBXFileReference; explicitFileType = wrapper.framework; path = Alamofire.framework; sourceTree = BUILT_PRODUCTS_DIR; };
		4FECF6B72609973D0081F034 /* Kingfisher.framework */ = {isa = PBXFileReference; explicitFileType = wrapper.framework; path = Kingfisher.framework; sourceTree = BUILT_PRODUCTS_DIR; };
		4FECF6B9260997430081F034 /* Moya.framework */ = {isa = PBXFileReference; explicitFileType = wrapper.framework; path = Moya.framework; sourceTree = BUILT_PRODUCTS_DIR; };
		4FECF6BD2609974F0081F034 /* SnapKit.framework */ = {isa = PBXFileReference; explicitFileType = wrapper.framework; path = SnapKit.framework; sourceTree = BUILT_PRODUCTS_DIR; };
		4FECF6BF260997570081F034 /* Swinject.framework */ = {isa = PBXFileReference; explicitFileType = wrapper.framework; path = Swinject.framework; sourceTree = BUILT_PRODUCTS_DIR; };
		4FECF6DA260998BD0081F034 /* Pods_SkyEngTranslate.framework */ = {isa = PBXFileReference; explicitFileType = wrapper.framework; path = Pods_SkyEngTranslate.framework; sourceTree = BUILT_PRODUCTS_DIR; };
		4FECF6ED26099B7C0081F034 /* DetailPageModuleAssemblyTests.swift */ = {isa = PBXFileReference; lastKnownFileType = sourcecode.swift; path = DetailPageModuleAssemblyTests.swift; sourceTree = "<group>"; };
		68B37F227CA4F4ABB29A2E68 /* DetailPageRouter.swift */ = {isa = PBXFileReference; includeInIndex = 1; lastKnownFileType = sourcecode.swift; path = DetailPageRouter.swift; sourceTree = "<group>"; };
		794394810B9237E381771696 /* DetailPageAssembly.swift */ = {isa = PBXFileReference; includeInIndex = 1; lastKnownFileType = sourcecode.swift; path = DetailPageAssembly.swift; sourceTree = "<group>"; };
		7AE5D51CACC67909D46A9910 /* DetailPageRouterInput.swift */ = {isa = PBXFileReference; includeInIndex = 1; lastKnownFileType = sourcecode.swift; path = DetailPageRouterInput.swift; sourceTree = "<group>"; };
		7C1A566466F24AB44C9B86DE /* MainPageViewController.swift */ = {isa = PBXFileReference; includeInIndex = 1; lastKnownFileType = sourcecode.swift; path = MainPageViewController.swift; sourceTree = "<group>"; };
		7F2121FFB13936345A81A481 /* Pods_SkyEngTranslate.framework */ = {isa = PBXFileReference; explicitFileType = wrapper.framework; includeInIndex = 0; path = Pods_SkyEngTranslate.framework; sourceTree = BUILT_PRODUCTS_DIR; };
		8129DC0DE0B7A56906BD202B /* Pods-SkyEngTranslate.release.xcconfig */ = {isa = PBXFileReference; includeInIndex = 1; lastKnownFileType = text.xcconfig; name = "Pods-SkyEngTranslate.release.xcconfig"; path = "Target Support Files/Pods-SkyEngTranslate/Pods-SkyEngTranslate.release.xcconfig"; sourceTree = "<group>"; };
		A09D84F77CF8F8FC092A00F4 /* MainPageAssembly.swift */ = {isa = PBXFileReference; includeInIndex = 1; lastKnownFileType = sourcecode.swift; path = MainPageAssembly.swift; sourceTree = "<group>"; };
		AAB674F1D80211D2F3CC05D6 /* DetailPageViewController.swift */ = {isa = PBXFileReference; includeInIndex = 1; lastKnownFileType = sourcecode.swift; path = DetailPageViewController.swift; sourceTree = "<group>"; };
		ABC896CF085C95010A4E3D52 /* DetailPageModuleInput.swift */ = {isa = PBXFileReference; includeInIndex = 1; lastKnownFileType = sourcecode.swift; path = DetailPageModuleInput.swift; sourceTree = "<group>"; };
		AD46DA5280B0D4BF27461881 /* DetailPageViewProtocols.swift */ = {isa = PBXFileReference; includeInIndex = 1; lastKnownFileType = sourcecode.swift; path = DetailPageViewProtocols.swift; sourceTree = "<group>"; };
		BFBFF98F7EB08270DA246A66 /* DetailPageViewAdapter.swift */ = {isa = PBXFileReference; includeInIndex = 1; lastKnownFileType = sourcecode.swift; path = DetailPageViewAdapter.swift; sourceTree = "<group>"; };
		EE2E6941005E141309D17F8E /* MainPageRouterInput.swift */ = {isa = PBXFileReference; includeInIndex = 1; lastKnownFileType = sourcecode.swift; path = MainPageRouterInput.swift; sourceTree = "<group>"; };
		F7E805A282F53CE24314643D /* Pods-SkyEngTranslate.debug.xcconfig */ = {isa = PBXFileReference; includeInIndex = 1; lastKnownFileType = text.xcconfig; name = "Pods-SkyEngTranslate.debug.xcconfig"; path = "Target Support Files/Pods-SkyEngTranslate/Pods-SkyEngTranslate.debug.xcconfig"; sourceTree = "<group>"; };
		FF7326F42AE3481A3048547B /* DetailPageModuleOutput.swift */ = {isa = PBXFileReference; includeInIndex = 1; lastKnownFileType = sourcecode.swift; path = DetailPageModuleOutput.swift; sourceTree = "<group>"; };
/* End PBXFileReference section */

/* Begin PBXFrameworksBuildPhase section */
		4FECF41126088B7A0081F034 /* Frameworks */ = {
			isa = PBXFrameworksBuildPhase;
			buildActionMask = 2147483647;
			files = (
				7B570EE3EDF0E9A78D53D0C0 /* Pods_SkyEngTranslate.framework in Frameworks */,
			);
			runOnlyForDeploymentPostprocessing = 0;
		};
		4FECF42726088B7D0081F034 /* Frameworks */ = {
			isa = PBXFrameworksBuildPhase;
			buildActionMask = 2147483647;
			files = (
				4FECF6DB260998BD0081F034 /* Pods_SkyEngTranslate.framework in Frameworks */,
			);
			runOnlyForDeploymentPostprocessing = 0;
		};
/* End PBXFrameworksBuildPhase section */

/* Begin PBXGroup section */
		15DFB73BA7CE64C685595AAA /* MainPage */ = {
			isa = PBXGroup;
			children = (
				4FECF5E82608D3FA0081F034 /* Entity */,
				1EBA0AD9E98052A6302AF440 /* View */,
				88E902C13843E1149A8E38C8 /* ViewModel */,
				BF87C27F6E3449EA0315E57E /* Router */,
				4B4363BAB34987AAEC461D48 /* Assembly */,
			);
			path = MainPage;
			sourceTree = "<group>";
		};
		16322265BE61238053A213C3 /* Pods */ = {
			isa = PBXGroup;
			children = (
				F7E805A282F53CE24314643D /* Pods-SkyEngTranslate.debug.xcconfig */,
				8129DC0DE0B7A56906BD202B /* Pods-SkyEngTranslate.release.xcconfig */,
			);
			path = Pods;
			sourceTree = "<group>";
		};
		1698D8D947B73799D691E465 /* ViewModel */ = {
			isa = PBXGroup;
			children = (
				ABC896CF085C95010A4E3D52 /* DetailPageModuleInput.swift */,
				FF7326F42AE3481A3048547B /* DetailPageModuleOutput.swift */,
				3C66EF545FA1D6AEF24467E0 /* DetailPageViewModel.swift */,
			);
			path = ViewModel;
			sourceTree = "<group>";
		};
		1EBA0AD9E98052A6302AF440 /* View */ = {
			isa = PBXGroup;
			children = (
				3FDBC7E3F18A7E271212E071 /* MainPageViewProtocols.swift */,
				7C1A566466F24AB44C9B86DE /* MainPageViewController.swift */,
				38DB428C9D3E23694776F6CE /* MainPageViewAdapter.swift */,
				4FECF6462608DC520081F034 /* WordsCellAdapter.swift */,
			);
			path = View;
			sourceTree = "<group>";
		};
		417FFA3680C6B6B42F5DB202 /* Router */ = {
			isa = PBXGroup;
			children = (
				7AE5D51CACC67909D46A9910 /* DetailPageRouterInput.swift */,
				68B37F227CA4F4ABB29A2E68 /* DetailPageRouter.swift */,
			);
			path = Router;
			sourceTree = "<group>";
		};
		457C8AD1FCC7BEED9C8157E5 /* View */ = {
			isa = PBXGroup;
			children = (
				4FECF68C2609827E0081F034 /* Subviews */,
				AD46DA5280B0D4BF27461881 /* DetailPageViewProtocols.swift */,
				AAB674F1D80211D2F3CC05D6 /* DetailPageViewController.swift */,
				BFBFF98F7EB08270DA246A66 /* DetailPageViewAdapter.swift */,
			);
			path = View;
			sourceTree = "<group>";
		};
		4B4363BAB34987AAEC461D48 /* Assembly */ = {
			isa = PBXGroup;
			children = (
				A09D84F77CF8F8FC092A00F4 /* MainPageAssembly.swift */,
			);
			path = Assembly;
			sourceTree = "<group>";
		};
		4FECF40B26088B7A0081F034 = {
			isa = PBXGroup;
			children = (
				4FECF41626088B7A0081F034 /* SkyEngTranslate */,
				4FECF42D26088B7D0081F034 /* SkyEngTranslateTests */,
				4FECF41526088B7A0081F034 /* Products */,
				16322265BE61238053A213C3 /* Pods */,
				82D9047C26F8BBACCED9CBD5 /* Frameworks */,
			);
			sourceTree = "<group>";
		};
		4FECF41526088B7A0081F034 /* Products */ = {
			isa = PBXGroup;
			children = (
				4FECF41426088B7A0081F034 /* SkyEngTranslate.app */,
				4FECF42A26088B7D0081F034 /* SkyEngTranslateTests.xctest */,
			);
			name = Products;
			sourceTree = "<group>";
		};
		4FECF41626088B7A0081F034 /* SkyEngTranslate */ = {
			isa = PBXGroup;
			children = (
				4FECF56B2608BC3A0081F034 /* Configurations */,
				4FECF51C2608B4030081F034 /* Core */,
				4FECF47326089D080081F034 /* Source */,
				4FECF467260897FB0081F034 /* Modules */,
				4FECF5952608C7DE0081F034 /* Resources */,
				4FECF5A72608CF6E0081F034 /* Generated */,
				4FECF41726088B7A0081F034 /* AppDelegate.swift */,
				4FECF41926088B7A0081F034 /* SceneDelegate.swift */,
				4FECF46E26089C410081F034 /* RootUIControllerType.swift */,
				4FECF42226088B7D0081F034 /* LaunchScreen.storyboard */,
				4FECF42526088B7D0081F034 /* Info.plist */,
			);
			path = SkyEngTranslate;
			sourceTree = "<group>";
		};
		4FECF42D26088B7D0081F034 /* SkyEngTranslateTests */ = {
			isa = PBXGroup;
			children = (
				4FECF6EB26099B640081F034 /* DetailPage */,
				4FECF6A1260994E60081F034 /* MainPage */,
				4FECF42E26088B7D0081F034 /* SkyEngTranslateTests.swift */,
				4FECF43026088B7D0081F034 /* Info.plist */,
			);
			path = SkyEngTranslateTests;
			sourceTree = "<group>";
		};
		4FECF467260897FB0081F034 /* Modules */ = {
			isa = PBXGroup;
			children = (
				15DFB73BA7CE64C685595AAA /* MainPage */,
				85AF37193D0BB4A94985C415 /* DetailPage */,
			);
			path = Modules;
			sourceTree = "<group>";
		};
		4FECF47326089D080081F034 /* Source */ = {
			isa = PBXGroup;
			children = (
				4FECF49F2608A00F0081F034 /* UIKit */,
				4FECF49626089FCB0081F034 /* Extensions */,
				4FECF48226089DCA0081F034 /* BaseObjects */,
				4FECF47426089D0E0081F034 /* Coordinators */,
			);
			path = Source;
			sourceTree = "<group>";
		};
		4FECF47426089D0E0081F034 /* Coordinators */ = {
			isa = PBXGroup;
			children = (
				4FECF47526089D430081F034 /* SetupCoordinating.swift */,
				4FECF47D26089D6B0081F034 /* SetupCoordinator.swift */,
			);
			path = Coordinators;
			sourceTree = "<group>";
		};
		4FECF48226089DCA0081F034 /* BaseObjects */ = {
			isa = PBXGroup;
			children = (
				4FECF48326089DD70081F034 /* BaseModuleAssembly.swift */,
				4FECF49126089E490081F034 /* Inject.swift */,
			);
			path = BaseObjects;
			sourceTree = "<group>";
		};
		4FECF49626089FCB0081F034 /* Extensions */ = {
			isa = PBXGroup;
			children = (
				4FECF49726089FDB0081F034 /* ContainerExtension.swift */,
			);
			path = Extensions;
			sourceTree = "<group>";
		};
		4FECF49F2608A00F0081F034 /* UIKit */ = {
			isa = PBXGroup;
			children = (
				4FECF67026096EAB0081F034 /* StackViews */,
				4FECF63D2608DBA60081F034 /* Views */,
				4FECF6142608DA4E0081F034 /* ImageViews */,
				4FECF4D52608A9EC0081F034 /* Extensions */,
				4FECF4C72608A8650081F034 /* Common */,
				4FECF4F22608AF470081F034 /* Buttons */,
				4FECF4B62608A5A60081F034 /* Labels */,
				4FECF4B52608A59F0081F034 /* TextFields */,
				4FECF4A02608A01E0081F034 /* BaseViewController.swift */,
				4FECF4B02608A5010081F034 /* LayoutGuidance.swift */,
				4FECF4ED2608AE090081F034 /* KeyboardListening.swift */,
			);
			path = UIKit;
			sourceTree = "<group>";
		};
		4FECF4B52608A59F0081F034 /* TextFields */ = {
			isa = PBXGroup;
			children = (
				4FECF4AB2608A4520081F034 /* TextFieldView.swift */,
				4FECF4D02608A8CC0081F034 /* MaskedTextfield.swift */,
				4FECF4E82608AB0B0081F034 /* TextFieldViewOutput.swift */,
			);
			path = TextFields;
			sourceTree = "<group>";
		};
		4FECF4B62608A5A60081F034 /* Labels */ = {
			isa = PBXGroup;
			children = (
				4FECF4B72608A5AB0081F034 /* LabelFactory.swift */,
			);
			path = Labels;
			sourceTree = "<group>";
		};
		4FECF4C72608A8650081F034 /* Common */ = {
			isa = PBXGroup;
			children = (
				4FECF5F62608D9290081F034 /* LogoCell */,
				4FECF4C82608A86A0081F034 /* EditingAction.swift */,
				4FECF4FB2608AF700081F034 /* IndicatorProtocol.swift */,
				4FECF4BF2608A5E50081F034 /* TextStyle.swift */,
				4FECF5F12608D8F40081F034 /* LogoTableViewManager.swift */,
				4FECF6262608DADA0081F034 /* TableViewSectionModel.swift */,
				4FECF62B2608DB180081F034 /* ReusableView.swift */,
				4FECF6302608DB340081F034 /* LogoTableSectionHeaderView.swift */,
			);
			path = Common;
			sourceTree = "<group>";
		};
		4FECF4D52608A9EC0081F034 /* Extensions */ = {
			isa = PBXGroup;
			children = (
				4FECF6352608DB6F0081F034 /* UIImageViewExtension.swift */,
				4FECF4D62608A9F60081F034 /* UIFontExtension.swift */,
				4FECF4DE2608AA750081F034 /* UILabelExtension.swift */,
				4FECF5032608AFAB0081F034 /* UIActivityIndicatorViewExtension.swift */,
				4FECF5082608B00D0081F034 /* UIImageExtension.swift */,
				4FECF50D2608B03D0081F034 /* CALayerExtension.swift */,
				4FECF5122608B05F0081F034 /* UIButtonExtension.swift */,
			);
			path = Extensions;
			sourceTree = "<group>";
		};
		4FECF4F22608AF470081F034 /* Buttons */ = {
			isa = PBXGroup;
			children = (
				4FECF4F32608AF4F0081F034 /* Button.swift */,
				4FECF5172608B0810081F034 /* PrimaryButton.swift */,
			);
			path = Buttons;
			sourceTree = "<group>";
		};
		4FECF51C2608B4030081F034 /* Core */ = {
			isa = PBXGroup;
			children = (
				4FECF51D2608B40C0081F034 /* Network */,
				4FECF5872608C1E40081F034 /* Services */,
				4FECF5512608B77D0081F034 /* Targets */,
			);
			path = Core;
			sourceTree = "<group>";
		};
		4FECF51D2608B40C0081F034 /* Network */ = {
			isa = PBXGroup;
			children = (
				4FECF51E2608B4170081F034 /* NetworkError.swift */,
				4FECF5262608B4C10081F034 /* NetworkDataProvider.swift */,
				4FECF5332608B5200081F034 /* NetworkReachabilityChecking.swift */,
				4FECF5382608B59A0081F034 /* NetworkLoggerPluginConfig.swift */,
				4FECF53D2608B6000081F034 /* Alamofire+NetworkReachabilityChecking.swift */,
				4FECF5422608B6760081F034 /* APIResult.swift */,
				4FECF5472608B6AB0081F034 /* JSONStandard.swift */,
			);
			path = Network;
			sourceTree = "<group>";
		};
		4FECF5512608B77D0081F034 /* Targets */ = {
			isa = PBXGroup;
			children = (
				4FECF5522608B7890081F034 /* SearchTarget.swift */,
				4FECF55A2608B7BF0081F034 /* BaseTargetType.swift */,
			);
			path = Targets;
			sourceTree = "<group>";
		};
		4FECF56B2608BC3A0081F034 /* Configurations */ = {
			isa = PBXGroup;
			children = (
				4FECF56C2608BC430081F034 /* Release */,
				4FECF56D2608BC490081F034 /* Development */,
				4FECF5772608BCB30081F034 /* CommonConfiguration.plist */,
			);
			path = Configurations;
			sourceTree = "<group>";
		};
		4FECF56C2608BC430081F034 /* Release */ = {
			isa = PBXGroup;
			children = (
				4FECF56E2608BC6B0081F034 /* EnvConfiguration.plist */,
			);
			path = Release;
			sourceTree = "<group>";
		};
		4FECF56D2608BC490081F034 /* Development */ = {
			isa = PBXGroup;
			children = (
				4FECF5762608BC8A0081F034 /* EnvConfiguration.plist */,
			);
			path = Development;
			sourceTree = "<group>";
		};
		4FECF5872608C1E40081F034 /* Services */ = {
			isa = PBXGroup;
			children = (
				4FECF5882608C1F60081F034 /* SearchServiceProtocol.swift */,
				4FECF5902608C25C0081F034 /* SearchService.swift */,
			);
			path = Services;
			sourceTree = "<group>";
		};
		4FECF5952608C7DE0081F034 /* Resources */ = {
			isa = PBXGroup;
			children = (
				4FECF42026088B7D0081F034 /* Assets.xcassets */,
				4FECF5962608C7FC0081F034 /* Colors.json */,
			);
			path = Resources;
			sourceTree = "<group>";
		};
		4FECF5A72608CF6E0081F034 /* Generated */ = {
			isa = PBXGroup;
			children = (
				4FECF5E02608D1200081F034 /* Color.swift */,
				4FECF5A82608CF6E0081F034 /* Assets.swift */,
				4FECF5A92608CF6E0081F034 /* CommonConfigs.swift */,
				4FECF5AA2608CF6E0081F034 /* EnvConfigs.swift */,
			);
			path = Generated;
			sourceTree = "<group>";
		};
		4FECF5E82608D3FA0081F034 /* Entity */ = {
			isa = PBXGroup;
			children = (
				4FECF5E92608D4100081F034 /* Word.swift */,
			);
			path = Entity;
			sourceTree = "<group>";
		};
		4FECF5F62608D9290081F034 /* LogoCell */ = {
			isa = PBXGroup;
			children = (
				4FECF5F72608D92F0081F034 /* LogoTableViewCell.swift */,
				4FECF5FF2608D9A20081F034 /* LogoCellAdapter.swift */,
			);
			path = LogoCell;
			sourceTree = "<group>";
		};
		4FECF6142608DA4E0081F034 /* ImageViews */ = {
			isa = PBXGroup;
			children = (
				4FECF6152608DA540081F034 /* LogoImageView.swift */,
			);
			path = ImageViews;
			sourceTree = "<group>";
		};
		4FECF63D2608DBA60081F034 /* Views */ = {
			isa = PBXGroup;
			children = (
				4FECF63E2608DBAD0081F034 /* SeparatorView.swift */,
				4FECF65626096C7F0081F034 /* ShimmeringViewPresentable.swift */,
				4FECF65B26096CB90081F034 /* TableStatusView.swift */,
				4FECF66026096CD80081F034 /* LoadingFailurePresentable.swift */,
				4FECF66526096CFC0081F034 /* LoadingFailureView.swift */,
				4FECF66A26096E290081F034 /* EmptyStateView.swift */,
				4FECF67926096EEB0081F034 /* ShimmeringView.swift */,
			);
			path = Views;
			sourceTree = "<group>";
		};
		4FECF67026096EAB0081F034 /* StackViews */ = {
			isa = PBXGroup;
			children = (
				4FECF67126096EB10081F034 /* StackContainerView.swift */,
			);
			path = StackViews;
			sourceTree = "<group>";
		};
		4FECF68C2609827E0081F034 /* Subviews */ = {
			isa = PBXGroup;
			children = (
				4FECF69C260983130081F034 /* MeaningCardView.swift */,
			);
			path = Subviews;
			sourceTree = "<group>";
		};
		4FECF6A1260994E60081F034 /* MainPage */ = {
			isa = PBXGroup;
			children = (
				4FECF6A2260994F30081F034 /* Assembly */,
			);
			path = MainPage;
			sourceTree = "<group>";
		};
		4FECF6A2260994F30081F034 /* Assembly */ = {
			isa = PBXGroup;
			children = (
				4FECF6A32609950C0081F034 /* MainPageModuleAssemblyTests.swift */,
			);
			path = Assembly;
			sourceTree = "<group>";
		};
		4FECF6EB26099B640081F034 /* DetailPage */ = {
			isa = PBXGroup;
			children = (
				4FECF6EC26099B730081F034 /* Assembly */,
			);
			path = DetailPage;
			sourceTree = "<group>";
		};
		4FECF6EC26099B730081F034 /* Assembly */ = {
			isa = PBXGroup;
			children = (
				4FECF6ED26099B7C0081F034 /* DetailPageModuleAssemblyTests.swift */,
			);
			path = Assembly;
			sourceTree = "<group>";
		};
		82D9047C26F8BBACCED9CBD5 /* Frameworks */ = {
			isa = PBXGroup;
			children = (
				4FECF6DA260998BD0081F034 /* Pods_SkyEngTranslate.framework */,
				4FECF6BF260997570081F034 /* Swinject.framework */,
				4FECF6BD2609974F0081F034 /* SnapKit.framework */,
				4FECF6B9260997430081F034 /* Moya.framework */,
				4FECF6B72609973D0081F034 /* Kingfisher.framework */,
				4FECF6B5260997360081F034 /* Alamofire.framework */,
				4FECF6AB2609967D0081F034 /* Alamofire.framework */,
				7F2121FFB13936345A81A481 /* Pods_SkyEngTranslate.framework */,
			);
			name = Frameworks;
			sourceTree = "<group>";
		};
		85AF37193D0BB4A94985C415 /* DetailPage */ = {
			isa = PBXGroup;
			children = (
				457C8AD1FCC7BEED9C8157E5 /* View */,
				1698D8D947B73799D691E465 /* ViewModel */,
				417FFA3680C6B6B42F5DB202 /* Router */,
				E29B25D2BA3FAE885096EE82 /* Assembly */,
			);
			path = DetailPage;
			sourceTree = "<group>";
		};
		88E902C13843E1149A8E38C8 /* ViewModel */ = {
			isa = PBXGroup;
			children = (
				450485CEC6059CC8A4802BFD /* MainPageModuleInput.swift */,
				1F0F677F6C52B2E512D06B44 /* MainPageModuleOutput.swift */,
				4128FCD55CF6A80EA25E96C5 /* MainPageViewModel.swift */,
			);
			path = ViewModel;
			sourceTree = "<group>";
		};
		BF87C27F6E3449EA0315E57E /* Router */ = {
			isa = PBXGroup;
			children = (
				EE2E6941005E141309D17F8E /* MainPageRouterInput.swift */,
				106D56D59D4767D115413DE5 /* MainPageRouter.swift */,
			);
			path = Router;
			sourceTree = "<group>";
		};
		E29B25D2BA3FAE885096EE82 /* Assembly */ = {
			isa = PBXGroup;
			children = (
				794394810B9237E381771696 /* DetailPageAssembly.swift */,
			);
			path = Assembly;
			sourceTree = "<group>";
		};
/* End PBXGroup section */

/* Begin PBXNativeTarget section */
		4FECF41326088B7A0081F034 /* SkyEngTranslate */ = {
			isa = PBXNativeTarget;
			buildConfigurationList = 4FECF43E26088B7D0081F034 /* Build configuration list for PBXNativeTarget "SkyEngTranslate" */;
			buildPhases = (
				5521319E954B9D76382AFECF /* [CP] Check Pods Manifest.lock */,
				4FECF41026088B7A0081F034 /* Sources */,
				4FECF41126088B7A0081F034 /* Frameworks */,
				4FECF41226088B7A0081F034 /* Resources */,
				4FECF5992608CA750081F034 /* [CONFIG] Copy configuration file */,
				2EF28CA65367F4CD7C9D47F7 /* [CP] Embed Pods Frameworks */,
			);
			buildRules = (
			);
			dependencies = (
			);
			name = SkyEngTranslate;
			productName = SkyEngTranslate;
			productReference = 4FECF41426088B7A0081F034 /* SkyEngTranslate.app */;
			productType = "com.apple.product-type.application";
		};
		4FECF42926088B7D0081F034 /* SkyEngTranslateTests */ = {
			isa = PBXNativeTarget;
			buildConfigurationList = 4FECF44126088B7D0081F034 /* Build configuration list for PBXNativeTarget "SkyEngTranslateTests" */;
			buildPhases = (
				4FECF42626088B7D0081F034 /* Sources */,
				4FECF42726088B7D0081F034 /* Frameworks */,
				4FECF42826088B7D0081F034 /* Resources */,
			);
			buildRules = (
			);
			dependencies = (
				4FECF42C26088B7D0081F034 /* PBXTargetDependency */,
			);
			name = SkyEngTranslateTests;
			productName = SkyEngTranslateTests;
			productReference = 4FECF42A26088B7D0081F034 /* SkyEngTranslateTests.xctest */;
			productType = "com.apple.product-type.bundle.unit-test";
		};
/* End PBXNativeTarget section */

/* Begin PBXProject section */
		4FECF40C26088B7A0081F034 /* Project object */ = {
			isa = PBXProject;
			attributes = {
				LastSwiftUpdateCheck = 1240;
				LastUpgradeCheck = 1240;
				TargetAttributes = {
					4FECF41326088B7A0081F034 = {
						CreatedOnToolsVersion = 12.4;
					};
					4FECF42926088B7D0081F034 = {
						CreatedOnToolsVersion = 12.4;
						TestTargetID = 4FECF41326088B7A0081F034;
					};
				};
			};
			buildConfigurationList = 4FECF40F26088B7A0081F034 /* Build configuration list for PBXProject "SkyEngTranslate" */;
			compatibilityVersion = "Xcode 9.3";
			developmentRegion = en;
			hasScannedForEncodings = 0;
			knownRegions = (
				en,
				Base,
			);
			mainGroup = 4FECF40B26088B7A0081F034;
			productRefGroup = 4FECF41526088B7A0081F034 /* Products */;
			projectDirPath = "";
			projectRoot = "";
			targets = (
				4FECF41326088B7A0081F034 /* SkyEngTranslate */,
				4FECF42926088B7D0081F034 /* SkyEngTranslateTests */,
			);
		};
/* End PBXProject section */

/* Begin PBXResourcesBuildPhase section */
		4FECF41226088B7A0081F034 /* Resources */ = {
			isa = PBXResourcesBuildPhase;
			buildActionMask = 2147483647;
			files = (
				4FECF56F2608BC6B0081F034 /* EnvConfiguration.plist in Resources */,
				4FECF5DC2608D0C80081F034 /* Colors.json in Resources */,
				4FECF42426088B7D0081F034 /* LaunchScreen.storyboard in Resources */,
				4FECF5782608BCB30081F034 /* CommonConfiguration.plist in Resources */,
				4FECF42126088B7D0081F034 /* Assets.xcassets in Resources */,
			);
			runOnlyForDeploymentPostprocessing = 0;
		};
		4FECF42826088B7D0081F034 /* Resources */ = {
			isa = PBXResourcesBuildPhase;
			buildActionMask = 2147483647;
			files = (
			);
			runOnlyForDeploymentPostprocessing = 0;
		};
/* End PBXResourcesBuildPhase section */

/* Begin PBXShellScriptBuildPhase section */
		2EF28CA65367F4CD7C9D47F7 /* [CP] Embed Pods Frameworks */ = {
			isa = PBXShellScriptBuildPhase;
			buildActionMask = 2147483647;
			files = (
			);
			inputFileListPaths = (
				"${PODS_ROOT}/Target Support Files/Pods-SkyEngTranslate/Pods-SkyEngTranslate-frameworks-${CONFIGURATION}-input-files.xcfilelist",
			);
			name = "[CP] Embed Pods Frameworks";
			outputFileListPaths = (
				"${PODS_ROOT}/Target Support Files/Pods-SkyEngTranslate/Pods-SkyEngTranslate-frameworks-${CONFIGURATION}-output-files.xcfilelist",
			);
			runOnlyForDeploymentPostprocessing = 0;
			shellPath = /bin/sh;
			shellScript = "\"${PODS_ROOT}/Target Support Files/Pods-SkyEngTranslate/Pods-SkyEngTranslate-frameworks.sh\"\n";
			showEnvVarsInLog = 0;
		};
		4FECF5992608CA750081F034 /* [CONFIG] Copy configuration file */ = {
			isa = PBXShellScriptBuildPhase;
			buildActionMask = 2147483647;
			files = (
			);
			inputFileListPaths = (
			);
			inputPaths = (
			);
			name = "[CONFIG] Copy configuration file";
			outputFileListPaths = (
			);
			outputPaths = (
			);
			runOnlyForDeploymentPostprocessing = 0;
			shellPath = /bin/sh;
			shellScript = "RESOURCE_PATH=${SRCROOT}/SkyEngTranslate/Configurations/${CONFIGURATION}\nif [ -e ${RESOURCE_PATH} ]\nthen\nBUILD_APP_DIR=${BUILT_PRODUCTS_DIR}/${PRODUCT_NAME}.app\necho \"Copying config files under ${RESOURCE_PATH} to ${BUILD_APP_DIR}\"\ncp -v \"${RESOURCE_PATH}/\"* \"${BUILD_APP_DIR}/\"\nfi\n";
		};
		5521319E954B9D76382AFECF /* [CP] Check Pods Manifest.lock */ = {
			isa = PBXShellScriptBuildPhase;
			buildActionMask = 2147483647;
			files = (
			);
			inputFileListPaths = (
			);
			inputPaths = (
				"${PODS_PODFILE_DIR_PATH}/Podfile.lock",
				"${PODS_ROOT}/Manifest.lock",
			);
			name = "[CP] Check Pods Manifest.lock";
			outputFileListPaths = (
			);
			outputPaths = (
				"$(DERIVED_FILE_DIR)/Pods-SkyEngTranslate-checkManifestLockResult.txt",
			);
			runOnlyForDeploymentPostprocessing = 0;
			shellPath = /bin/sh;
			shellScript = "diff \"${PODS_PODFILE_DIR_PATH}/Podfile.lock\" \"${PODS_ROOT}/Manifest.lock\" > /dev/null\nif [ $? != 0 ] ; then\n    # print error to STDERR\n    echo \"error: The sandbox is not in sync with the Podfile.lock. Run 'pod install' or update your CocoaPods installation.\" >&2\n    exit 1\nfi\n# This output is used by Xcode 'outputs' to avoid re-running this script phase.\necho \"SUCCESS\" > \"${SCRIPT_OUTPUT_FILE_0}\"\n";
			showEnvVarsInLog = 0;
		};
/* End PBXShellScriptBuildPhase section */

/* Begin PBXSourcesBuildPhase section */
		4FECF41026088B7A0081F034 /* Sources */ = {
			isa = PBXSourcesBuildPhase;
			buildActionMask = 2147483647;
			files = (
				4FECF53E2608B6000081F034 /* Alamofire+NetworkReachabilityChecking.swift in Sources */,
				4FECF47626089D430081F034 /* SetupCoordinating.swift in Sources */,
				4FECF69D260983130081F034 /* MeaningCardView.swift in Sources */,
				4FECF5042608AFAB0081F034 /* UIActivityIndicatorViewExtension.swift in Sources */,
				4FECF4AC2608A4520081F034 /* TextFieldView.swift in Sources */,
				4FECF66626096CFC0081F034 /* LoadingFailureView.swift in Sources */,
				4FECF6002608D9A20081F034 /* LogoCellAdapter.swift in Sources */,
				4FECF65726096C7F0081F034 /* ShimmeringViewPresentable.swift in Sources */,
				4FECF5F22608D8F40081F034 /* LogoTableViewManager.swift in Sources */,
				4FECF41826088B7A0081F034 /* AppDelegate.swift in Sources */,
				4FECF4B82608A5AB0081F034 /* LabelFactory.swift in Sources */,
				4FECF41A26088B7A0081F034 /* SceneDelegate.swift in Sources */,
				4FECF4A12608A01E0081F034 /* BaseViewController.swift in Sources */,
				4FECF4D12608A8CC0081F034 /* MaskedTextfield.swift in Sources */,
				4FECF4B12608A5010081F034 /* LayoutGuidance.swift in Sources */,
				4FECF48426089DD70081F034 /* BaseModuleAssembly.swift in Sources */,
				732EE00EBBACE27AD2EDEB10 /* MainPageViewProtocols.swift in Sources */,
				4FECF5132608B05F0081F034 /* UIButtonExtension.swift in Sources */,
				5BDFE7623D92390A42E3F050 /* MainPageViewController.swift in Sources */,
				4FECF66B26096E290081F034 /* EmptyStateView.swift in Sources */,
				4FECF67226096EB10081F034 /* StackContainerView.swift in Sources */,
				4FECF4D72608A9F60081F034 /* UIFontExtension.swift in Sources */,
				4FECF4DF2608AA750081F034 /* UILabelExtension.swift in Sources */,
				4FECF6162608DA540081F034 /* LogoImageView.swift in Sources */,
				4FECF5E12608D1200081F034 /* Color.swift in Sources */,
				F2DA8EC0D2E4BC95F58C70D0 /* MainPageViewAdapter.swift in Sources */,
				4FECF5D42608D0C20081F034 /* CommonConfigs.swift in Sources */,
				4FECF5EA2608D4100081F034 /* Word.swift in Sources */,
				4FECF51F2608B4170081F034 /* NetworkError.swift in Sources */,
				4FECF47E26089D6B0081F034 /* SetupCoordinator.swift in Sources */,
				4FECF4C02608A5E50081F034 /* TextStyle.swift in Sources */,
				4FECF6312608DB340081F034 /* LogoTableSectionHeaderView.swift in Sources */,
				4FECF55B2608B7BF0081F034 /* BaseTargetType.swift in Sources */,
				4FECF5D82608D0C50081F034 /* Assets.swift in Sources */,
				4FECF5F82608D92F0081F034 /* LogoTableViewCell.swift in Sources */,
				4FECF5182608B0810081F034 /* PrimaryButton.swift in Sources */,
				4FECF66126096CD80081F034 /* LoadingFailurePresentable.swift in Sources */,
				4FECF6362608DB6F0081F034 /* UIImageViewExtension.swift in Sources */,
				4FECF49826089FDB0081F034 /* ContainerExtension.swift in Sources */,
				4FECF5272608B4C10081F034 /* NetworkDataProvider.swift in Sources */,
				4FECF4E42608AADC0081F034 /* (null) in Sources */,
				4FECF5482608B6AB0081F034 /* JSONStandard.swift in Sources */,
				4FECF5912608C25C0081F034 /* SearchService.swift in Sources */,
				3210847354A8AF1EE251DA33 /* MainPageModuleInput.swift in Sources */,
				6E084EB6F71C17D3C8219AEE /* MainPageModuleOutput.swift in Sources */,
				4FECF4EE2608AE090081F034 /* KeyboardListening.swift in Sources */,
				4FECF63F2608DBAD0081F034 /* SeparatorView.swift in Sources */,
				4FECF4FC2608AF700081F034 /* IndicatorProtocol.swift in Sources */,
				4FECF49226089E490081F034 /* Inject.swift in Sources */,
				4FECF5532608B7890081F034 /* SearchTarget.swift in Sources */,
				4FECF4E92608AB0B0081F034 /* TextFieldViewOutput.swift in Sources */,
				4FECF5342608B5200081F034 /* NetworkReachabilityChecking.swift in Sources */,
				36FF6DEC8010A8FCCE4748A5 /* MainPageViewModel.swift in Sources */,
				4FECF5092608B00D0081F034 /* UIImageExtension.swift in Sources */,
				4FECF6272608DADA0081F034 /* TableViewSectionModel.swift in Sources */,
				4FECF6472608DC520081F034 /* WordsCellAdapter.swift in Sources */,
				4FECF5432608B6760081F034 /* APIResult.swift in Sources */,
				AA1DC34F87179172C0153DB6 /* MainPageRouterInput.swift in Sources */,
				4FECF5392608B59A0081F034 /* NetworkLoggerPluginConfig.swift in Sources */,
				4FECF4F42608AF4F0081F034 /* Button.swift in Sources */,
				4FECF65C26096CB90081F034 /* TableStatusView.swift in Sources */,
				4FECF62C2608DB180081F034 /* ReusableView.swift in Sources */,
				4FECF5D02608D0C00081F034 /* EnvConfigs.swift in Sources */,
				D8C6B59E5D14754B1EC331E0 /* MainPageRouter.swift in Sources */,
				4FECF4C92608A86A0081F034 /* EditingAction.swift in Sources */,
				4FECF67A26096EEB0081F034 /* ShimmeringView.swift in Sources */,
				4FECF46F26089C410081F034 /* RootUIControllerType.swift in Sources */,
				4FECF5892608C1F60081F034 /* SearchServiceProtocol.swift in Sources */,
				2849F7F757D710E4BBD06107 /* MainPageAssembly.swift in Sources */,
				4FECF50E2608B03D0081F034 /* CALayerExtension.swift in Sources */,
				2AEFE0AE00CC3D9FB3FEE21C /* DetailPageViewProtocols.swift in Sources */,
				47E62CB1BDA3E94B3C2F5FA0 /* DetailPageViewController.swift in Sources */,
				F7FA9408F6B98DAD4D30007F /* DetailPageViewAdapter.swift in Sources */,
				FAFCFE2898BBF92F7B66CAF1 /* DetailPageModuleInput.swift in Sources */,
				CBB5F4FC575E97AD507E1906 /* DetailPageModuleOutput.swift in Sources */,
				E16B5ECBC7365EBB5681C845 /* DetailPageViewModel.swift in Sources */,
				3E6A1DAEC795CCC9CE0A686E /* DetailPageRouterInput.swift in Sources */,
				ACD0D0E2184FDDFF5EE52572 /* DetailPageRouter.swift in Sources */,
				AD4348F624646D31D17941EA /* DetailPageAssembly.swift in Sources */,
			);
			runOnlyForDeploymentPostprocessing = 0;
		};
		4FECF42626088B7D0081F034 /* Sources */ = {
			isa = PBXSourcesBuildPhase;
			buildActionMask = 2147483647;
			files = (
				4FECF42F26088B7D0081F034 /* SkyEngTranslateTests.swift in Sources */,
				4FECF6EE26099B7C0081F034 /* DetailPageModuleAssemblyTests.swift in Sources */,
				4FECF6A42609950C0081F034 /* MainPageModuleAssemblyTests.swift in Sources */,
			);
			runOnlyForDeploymentPostprocessing = 0;
		};
/* End PBXSourcesBuildPhase section */

/* Begin PBXTargetDependency section */
		4FECF42C26088B7D0081F034 /* PBXTargetDependency */ = {
			isa = PBXTargetDependency;
			target = 4FECF41326088B7A0081F034 /* SkyEngTranslate */;
			targetProxy = 4FECF42B26088B7D0081F034 /* PBXContainerItemProxy */;
		};
/* End PBXTargetDependency section */

/* Begin PBXVariantGroup section */
		4FECF42226088B7D0081F034 /* LaunchScreen.storyboard */ = {
			isa = PBXVariantGroup;
			children = (
				4FECF42326088B7D0081F034 /* Base */,
			);
			name = LaunchScreen.storyboard;
			sourceTree = "<group>";
		};
/* End PBXVariantGroup section */

/* Begin XCBuildConfiguration section */
		4FECF43C26088B7D0081F034 /* Debug */ = {
			isa = XCBuildConfiguration;
			buildSettings = {
				ALWAYS_SEARCH_USER_PATHS = NO;
				CLANG_ANALYZER_NONNULL = YES;
				CLANG_ANALYZER_NUMBER_OBJECT_CONVERSION = YES_AGGRESSIVE;
				CLANG_CXX_LANGUAGE_STANDARD = "gnu++14";
				CLANG_CXX_LIBRARY = "libc++";
				CLANG_ENABLE_MODULES = YES;
				CLANG_ENABLE_OBJC_ARC = YES;
				CLANG_ENABLE_OBJC_WEAK = YES;
				CLANG_WARN_BLOCK_CAPTURE_AUTORELEASING = YES;
				CLANG_WARN_BOOL_CONVERSION = YES;
				CLANG_WARN_COMMA = YES;
				CLANG_WARN_CONSTANT_CONVERSION = YES;
				CLANG_WARN_DEPRECATED_OBJC_IMPLEMENTATIONS = YES;
				CLANG_WARN_DIRECT_OBJC_ISA_USAGE = YES_ERROR;
				CLANG_WARN_DOCUMENTATION_COMMENTS = YES;
				CLANG_WARN_EMPTY_BODY = YES;
				CLANG_WARN_ENUM_CONVERSION = YES;
				CLANG_WARN_INFINITE_RECURSION = YES;
				CLANG_WARN_INT_CONVERSION = YES;
				CLANG_WARN_NON_LITERAL_NULL_CONVERSION = YES;
				CLANG_WARN_OBJC_IMPLICIT_RETAIN_SELF = YES;
				CLANG_WARN_OBJC_LITERAL_CONVERSION = YES;
				CLANG_WARN_OBJC_ROOT_CLASS = YES_ERROR;
				CLANG_WARN_QUOTED_INCLUDE_IN_FRAMEWORK_HEADER = YES;
				CLANG_WARN_RANGE_LOOP_ANALYSIS = YES;
				CLANG_WARN_STRICT_PROTOTYPES = YES;
				CLANG_WARN_SUSPICIOUS_MOVE = YES;
				CLANG_WARN_UNGUARDED_AVAILABILITY = YES_AGGRESSIVE;
				CLANG_WARN_UNREACHABLE_CODE = YES;
				CLANG_WARN__DUPLICATE_METHOD_MATCH = YES;
				COPY_PHASE_STRIP = NO;
				DEBUG_INFORMATION_FORMAT = dwarf;
				ENABLE_STRICT_OBJC_MSGSEND = YES;
				ENABLE_TESTABILITY = YES;
				GCC_C_LANGUAGE_STANDARD = gnu11;
				GCC_DYNAMIC_NO_PIC = NO;
				GCC_NO_COMMON_BLOCKS = YES;
				GCC_OPTIMIZATION_LEVEL = 0;
				GCC_PREPROCESSOR_DEFINITIONS = (
					"DEBUG=1",
					"$(inherited)",
				);
				GCC_WARN_64_TO_32_BIT_CONVERSION = YES;
				GCC_WARN_ABOUT_RETURN_TYPE = YES_ERROR;
				GCC_WARN_UNDECLARED_SELECTOR = YES;
				GCC_WARN_UNINITIALIZED_AUTOS = YES_AGGRESSIVE;
				GCC_WARN_UNUSED_FUNCTION = YES;
				GCC_WARN_UNUSED_VARIABLE = YES;
				IPHONEOS_DEPLOYMENT_TARGET = 14.4;
				MTL_ENABLE_DEBUG_INFO = INCLUDE_SOURCE;
				MTL_FAST_MATH = YES;
				ONLY_ACTIVE_ARCH = YES;
				SDKROOT = iphoneos;
				SWIFT_ACTIVE_COMPILATION_CONDITIONS = DEBUG;
				SWIFT_OPTIMIZATION_LEVEL = "-Onone";
			};
			name = Debug;
		};
		4FECF43D26088B7D0081F034 /* Release */ = {
			isa = XCBuildConfiguration;
			buildSettings = {
				ALWAYS_SEARCH_USER_PATHS = NO;
				CLANG_ANALYZER_NONNULL = YES;
				CLANG_ANALYZER_NUMBER_OBJECT_CONVERSION = YES_AGGRESSIVE;
				CLANG_CXX_LANGUAGE_STANDARD = "gnu++14";
				CLANG_CXX_LIBRARY = "libc++";
				CLANG_ENABLE_MODULES = YES;
				CLANG_ENABLE_OBJC_ARC = YES;
				CLANG_ENABLE_OBJC_WEAK = YES;
				CLANG_WARN_BLOCK_CAPTURE_AUTORELEASING = YES;
				CLANG_WARN_BOOL_CONVERSION = YES;
				CLANG_WARN_COMMA = YES;
				CLANG_WARN_CONSTANT_CONVERSION = YES;
				CLANG_WARN_DEPRECATED_OBJC_IMPLEMENTATIONS = YES;
				CLANG_WARN_DIRECT_OBJC_ISA_USAGE = YES_ERROR;
				CLANG_WARN_DOCUMENTATION_COMMENTS = YES;
				CLANG_WARN_EMPTY_BODY = YES;
				CLANG_WARN_ENUM_CONVERSION = YES;
				CLANG_WARN_INFINITE_RECURSION = YES;
				CLANG_WARN_INT_CONVERSION = YES;
				CLANG_WARN_NON_LITERAL_NULL_CONVERSION = YES;
				CLANG_WARN_OBJC_IMPLICIT_RETAIN_SELF = YES;
				CLANG_WARN_OBJC_LITERAL_CONVERSION = YES;
				CLANG_WARN_OBJC_ROOT_CLASS = YES_ERROR;
				CLANG_WARN_QUOTED_INCLUDE_IN_FRAMEWORK_HEADER = YES;
				CLANG_WARN_RANGE_LOOP_ANALYSIS = YES;
				CLANG_WARN_STRICT_PROTOTYPES = YES;
				CLANG_WARN_SUSPICIOUS_MOVE = YES;
				CLANG_WARN_UNGUARDED_AVAILABILITY = YES_AGGRESSIVE;
				CLANG_WARN_UNREACHABLE_CODE = YES;
				CLANG_WARN__DUPLICATE_METHOD_MATCH = YES;
				COPY_PHASE_STRIP = NO;
				DEBUG_INFORMATION_FORMAT = "dwarf-with-dsym";
				ENABLE_NS_ASSERTIONS = NO;
				ENABLE_STRICT_OBJC_MSGSEND = YES;
				GCC_C_LANGUAGE_STANDARD = gnu11;
				GCC_NO_COMMON_BLOCKS = YES;
				GCC_WARN_64_TO_32_BIT_CONVERSION = YES;
				GCC_WARN_ABOUT_RETURN_TYPE = YES_ERROR;
				GCC_WARN_UNDECLARED_SELECTOR = YES;
				GCC_WARN_UNINITIALIZED_AUTOS = YES_AGGRESSIVE;
				GCC_WARN_UNUSED_FUNCTION = YES;
				GCC_WARN_UNUSED_VARIABLE = YES;
				IPHONEOS_DEPLOYMENT_TARGET = 14.4;
				MTL_ENABLE_DEBUG_INFO = NO;
				MTL_FAST_MATH = YES;
				SDKROOT = iphoneos;
				SWIFT_COMPILATION_MODE = wholemodule;
				SWIFT_OPTIMIZATION_LEVEL = "-O";
				VALIDATE_PRODUCT = YES;
			};
			name = Release;
		};
		4FECF43F26088B7D0081F034 /* Debug */ = {
			isa = XCBuildConfiguration;
			baseConfigurationReference = F7E805A282F53CE24314643D /* Pods-SkyEngTranslate.debug.xcconfig */;
			buildSettings = {
				ASSETCATALOG_COMPILER_APPICON_NAME = AppIcon;
				ASSETCATALOG_COMPILER_GLOBAL_ACCENT_COLOR_NAME = AccentColor;
				CODE_SIGN_STYLE = Automatic;
				DEVELOPMENT_TEAM = A439DVJ2X6;
				INFOPLIST_FILE = SkyEngTranslate/Info.plist;
				IPHONEOS_DEPLOYMENT_TARGET = 13.0;
				LD_RUNPATH_SEARCH_PATHS = (
					"$(inherited)",
					"@executable_path/Frameworks",
				);
				PRODUCT_BUNDLE_IDENTIFIER = aturan23.SkyEngTranslate;
				PRODUCT_NAME = "$(TARGET_NAME)";
				SWIFT_VERSION = 5.0;
				TARGETED_DEVICE_FAMILY = "1,2";
			};
			name = Debug;
		};
		4FECF44026088B7D0081F034 /* Release */ = {
			isa = XCBuildConfiguration;
			baseConfigurationReference = 8129DC0DE0B7A56906BD202B /* Pods-SkyEngTranslate.release.xcconfig */;
			buildSettings = {
				ASSETCATALOG_COMPILER_APPICON_NAME = AppIcon;
				ASSETCATALOG_COMPILER_GLOBAL_ACCENT_COLOR_NAME = AccentColor;
				CODE_SIGN_STYLE = Automatic;
				DEVELOPMENT_TEAM = A439DVJ2X6;
				INFOPLIST_FILE = SkyEngTranslate/Info.plist;
				IPHONEOS_DEPLOYMENT_TARGET = 13.0;
				LD_RUNPATH_SEARCH_PATHS = (
					"$(inherited)",
					"@executable_path/Frameworks",
				);
				PRODUCT_BUNDLE_IDENTIFIER = aturan23.SkyEngTranslate;
				PRODUCT_NAME = "$(TARGET_NAME)";
				SWIFT_VERSION = 5.0;
				TARGETED_DEVICE_FAMILY = "1,2";
			};
			name = Release;
		};
		4FECF44226088B7D0081F034 /* Debug */ = {
			isa = XCBuildConfiguration;
			baseConfigurationReference = F7E805A282F53CE24314643D /* Pods-SkyEngTranslate.debug.xcconfig */;
			buildSettings = {
				ALWAYS_EMBED_SWIFT_STANDARD_LIBRARIES = YES;
				BUNDLE_LOADER = "$(TEST_HOST)";
				CODE_SIGN_STYLE = Automatic;
				DEVELOPMENT_TEAM = A439DVJ2X6;
				INFOPLIST_FILE = SkyEngTranslateTests/Info.plist;
				IPHONEOS_DEPLOYMENT_TARGET = 14.4;
				LD_RUNPATH_SEARCH_PATHS = (
					"$(inherited)",
					"@executable_path/Frameworks",
					"@loader_path/Frameworks",
				);
				PRODUCT_BUNDLE_IDENTIFIER = aturan23.SkyEngTranslateTests;
				PRODUCT_NAME = "$(TARGET_NAME)";
				SWIFT_VERSION = 5.0;
				TARGETED_DEVICE_FAMILY = "1,2";
				TEST_HOST = "$(BUILT_PRODUCTS_DIR)/SkyEngTranslate.app/SkyEngTranslate";
			};
			name = Debug;
		};
		4FECF44326088B7D0081F034 /* Release */ = {
			isa = XCBuildConfiguration;
			baseConfigurationReference = 8129DC0DE0B7A56906BD202B /* Pods-SkyEngTranslate.release.xcconfig */;
			buildSettings = {
				ALWAYS_EMBED_SWIFT_STANDARD_LIBRARIES = YES;
				BUNDLE_LOADER = "$(TEST_HOST)";
				CODE_SIGN_STYLE = Automatic;
				DEVELOPMENT_TEAM = A439DVJ2X6;
				INFOPLIST_FILE = SkyEngTranslateTests/Info.plist;
				IPHONEOS_DEPLOYMENT_TARGET = 14.4;
				LD_RUNPATH_SEARCH_PATHS = (
					"$(inherited)",
					"@executable_path/Frameworks",
					"@loader_path/Frameworks",
				);
				PRODUCT_BUNDLE_IDENTIFIER = aturan23.SkyEngTranslateTests;
				PRODUCT_NAME = "$(TARGET_NAME)";
				SWIFT_VERSION = 5.0;
				TARGETED_DEVICE_FAMILY = "1,2";
				TEST_HOST = "$(BUILT_PRODUCTS_DIR)/SkyEngTranslate.app/SkyEngTranslate";
			};
			name = Release;
		};
/* End XCBuildConfiguration section */

/* Begin XCConfigurationList section */
		4FECF40F26088B7A0081F034 /* Build configuration list for PBXProject "SkyEngTranslate" */ = {
			isa = XCConfigurationList;
			buildConfigurations = (
				4FECF43C26088B7D0081F034 /* Debug */,
				4FECF43D26088B7D0081F034 /* Release */,
			);
			defaultConfigurationIsVisible = 0;
			defaultConfigurationName = Release;
		};
		4FECF43E26088B7D0081F034 /* Build configuration list for PBXNativeTarget "SkyEngTranslate" */ = {
			isa = XCConfigurationList;
			buildConfigurations = (
				4FECF43F26088B7D0081F034 /* Debug */,
				4FECF44026088B7D0081F034 /* Release */,
			);
			defaultConfigurationIsVisible = 0;
			defaultConfigurationName = Release;
		};
		4FECF44126088B7D0081F034 /* Build configuration list for PBXNativeTarget "SkyEngTranslateTests" */ = {
			isa = XCConfigurationList;
			buildConfigurations = (
				4FECF44226088B7D0081F034 /* Debug */,
				4FECF44326088B7D0081F034 /* Release */,
			);
			defaultConfigurationIsVisible = 0;
			defaultConfigurationName = Release;
		};
/* End XCConfigurationList section */
	};
	rootObject = 4FECF40C26088B7A0081F034 /* Project object */;
}
